<?xml version="1.0" encoding="utf-8"?>
<Project ToolsVersion="4.0" xmlns="http://schemas.microsoft.com/developer/msbuild/2003">
  <ItemGroup>
    <Filter Include="resource">
      <UniqueIdentifier>{42291284-0964-442f-8063-c2b19518518e}</UniqueIdentifier>
    </Filter>
    <Filter Include="source">
      <UniqueIdentifier>{2e177454-0310-4b98-83db-6131400532f6}</UniqueIdentifier>
    </Filter>
    <Filter Include="source\device">
      <UniqueIdentifier>{3c5ec0a8-907f-4a53-8d68-9f6dfb341cd4}</UniqueIdentifier>
    </Filter>
    <Filter Include="source\game">
      <UniqueIdentifier>{038f029f-f416-4f5f-adf3-02047141e720}</UniqueIdentifier>
    </Filter>
    <Filter Include="source\scene">
      <UniqueIdentifier>{82fc5087-42aa-4e96-8d10-f03557382342}</UniqueIdentifier>
    </Filter>
    <Filter Include="source\scene\base">
      <UniqueIdentifier>{d831bc2f-f995-4a94-8f2a-f3fb1637a4fe}</UniqueIdentifier>
    </Filter>
    <Filter Include="source\menu">
      <UniqueIdentifier>{173be716-58fa-45c2-88ec-bbae6ac60ee8}</UniqueIdentifier>
    </Filter>
    <Filter Include="source\framework">
      <UniqueIdentifier>{e6571033-ad24-4860-8fad-429aaa5b6a10}</UniqueIdentifier>
    </Filter>
    <Filter Include="source\resource">
      <UniqueIdentifier>{66b67bfc-0010-45cc-80b8-4ec868cce6b1}</UniqueIdentifier>
    </Filter>
    <Filter Include="source\resource\tiles">
      <UniqueIdentifier>{aa2b9b41-6fee-432a-b232-0bb21ade2e05}</UniqueIdentifier>
    </Filter>
    <Filter Include="source\resource\pipes">
      <UniqueIdentifier>{713d3fec-01b0-46d3-9089-e2730258018c}</UniqueIdentifier>
    </Filter>
    <Filter Include="source\game\Tile">
      <UniqueIdentifier>{4b04e3b3-5bf8-4293-9869-7b51a45ae83b}</UniqueIdentifier>
    </Filter>
    <Filter Include="source\game\TileTrait">
      <UniqueIdentifier>{69b9c64d-ffe4-408e-ac6a-79f90bd91212}</UniqueIdentifier>
    </Filter>
    <Filter Include="source\logger">
      <UniqueIdentifier>{e27b5282-e150-43bb-a9a9-0172ea1c17bd}</UniqueIdentifier>
    </Filter>
    <Filter Include="source\editor">
      <UniqueIdentifier>{628248fe-c861-4381-a3e2-2b8889a04681}</UniqueIdentifier>
    </Filter>
    <Filter Include="source\editor\selector">
      <UniqueIdentifier>{3657d4bb-b934-4e21-b0a3-5d10d0713d16}</UniqueIdentifier>
    </Filter>
    <Filter Include="source\menu\shape">
      <UniqueIdentifier>{43256ef1-e7c9-4fff-9aea-5308e0e9b5a7}</UniqueIdentifier>
    </Filter>
    <Filter Include="source\editor\manipulator">
      <UniqueIdentifier>{86566cb8-0fb0-4860-9df7-0cb76d15c92b}</UniqueIdentifier>
    </Filter>
    <Filter Include="source\editor\manipulator\tasks">
      <UniqueIdentifier>{33fdd967-3b63-45f0-a178-5f22b4bee91b}</UniqueIdentifier>
    </Filter>
    <Filter Include="source\editor\template">
      <UniqueIdentifier>{f22cd78b-9689-4862-adc5-768f4fd02c18}</UniqueIdentifier>
    </Filter>
    <Filter Include="source\editor\tiles">
      <UniqueIdentifier>{39b2cea4-20c9-44ea-9f0c-b6e0ab663e07}</UniqueIdentifier>
    </Filter>
    <Filter Include="source\shared">
      <UniqueIdentifier>{33b3d319-8e83-4b82-b14a-c1517ab66063}</UniqueIdentifier>
    </Filter>
    <Filter Include="source\editor\tilechoice">
      <UniqueIdentifier>{49e6bfc2-000c-4a69-903f-d1fdbddacc72}</UniqueIdentifier>
    </Filter>
    <Filter Include="source\editor\subscenes">
      <UniqueIdentifier>{8ead66e6-305b-4152-b464-d4a76f80bbf1}</UniqueIdentifier>
    </Filter>
    <Filter Include="source\shared\tiles">
      <UniqueIdentifier>{82a3faff-6287-4000-a73a-8d98c1c3dd20}</UniqueIdentifier>
    </Filter>
  </ItemGroup>
  <ItemGroup>
    <ClInclude Include="source\device\InputDevice.h">
      <Filter>source\device</Filter>
    </ClInclude>
    <ClInclude Include="source\device\ScreenDevice.h">
      <Filter>source\device</Filter>
    </ClInclude>
    <ClInclude Include="source\scene\SubSceneBase.h">
      <Filter>source\scene\base</Filter>
    </ClInclude>
    <ClInclude Include="source\scene\MainSceneBase.h">
      <Filter>source\scene\base</Filter>
    </ClInclude>
    <ClInclude Include="source\scene\GameBaseScene.h">
      <Filter>source\scene</Filter>
    </ClInclude>
    <ClInclude Include="source\scene\MenuBaseScene.h">
      <Filter>source\scene</Filter>
    </ClInclude>
    <ClInclude Include="source\scene\LocalGameScene.h">
      <Filter>source\scene</Filter>
    </ClInclude>
    <ClInclude Include="source\scene\EditorScene.h">
      <Filter>source\scene</Filter>
    </ClInclude>
    <ClInclude Include="source\framework\Animation.h">
      <Filter>source\framework</Filter>
    </ClInclude>
    <ClInclude Include="source\framework\AsyncAnimation.h">
      <Filter>source\framework</Filter>
    </ClInclude>
    <ClInclude Include="source\framework\Context.h">
      <Filter>source\framework</Filter>
    </ClInclude>
    <ClInclude Include="source\framework\FrameworkInterface.h">
      <Filter>source\framework</Filter>
    </ClInclude>
    <ClInclude Include="source\framework\ResourceContext.h">
      <Filter>source\framework</Filter>
    </ClInclude>
    <ClInclude Include="source\resource\StaticResource.h">
      <Filter>source\resource</Filter>
    </ClInclude>
    <ClInclude Include="source\logger\Output.h">
      <Filter>source\logger</Filter>
    </ClInclude>
    <ClInclude Include="source\logger\Section.h">
      <Filter>source\logger</Filter>
    </ClInclude>
    <ClInclude Include="source\logger\Logger.h">
      <Filter>source\logger</Filter>
    </ClInclude>
    <ClInclude Include="source\logger\SectionHost.h">
      <Filter>source\logger</Filter>
    </ClInclude>
    <ClInclude Include="source\logger\Names.h">
      <Filter>source\logger</Filter>
    </ClInclude>
    <ClInclude Include="source\resource\ResourceInterface.h">
      <Filter>source\resource</Filter>
    </ClInclude>
    <ClInclude Include="source\resource\ResourceBase.h">
      <Filter>source\resource</Filter>
    </ClInclude>
    <ClInclude Include="source\resource\WorldResource.h">
      <Filter>source\resource</Filter>
    </ClInclude>
    <ClInclude Include="source\resource\TileResource.h">
      <Filter>source\resource</Filter>
    </ClInclude>
    <ClInclude Include="source\resource\pipes\FilePipe.h">
      <Filter>source\resource\pipes</Filter>
    </ClInclude>
    <ClInclude Include="source\resource\pipes\MemoryPipe.h">
      <Filter>source\resource\pipes</Filter>
    </ClInclude>
    <ClInclude Include="source\resource\pipes\PipeBase.h">
      <Filter>source\resource\pipes</Filter>
    </ClInclude>
    <ClInclude Include="source\resource\TileFactory.h">
      <Filter>source\resource</Filter>
    </ClInclude>
    <ClInclude Include="source\Common.h">
      <Filter>source</Filter>
    </ClInclude>
    <ClInclude Include="source\device\RandomDevice.h">
      <Filter>source\device</Filter>
    </ClInclude>
    <ClInclude Include="source\logger\LoggerLevel.h">
      <Filter>source\logger</Filter>
    </ClInclude>
    <ClInclude Include="source\resource\tiles\ResourceWall.h">
      <Filter>source\resource\tiles</Filter>
    </ClInclude>
    <ClInclude Include="source\resource\PlayerResource.h">
      <Filter>source\resource</Filter>
    </ClInclude>
    <ClInclude Include="source\game\CollisionEngine.h">
      <Filter>source\game</Filter>
    </ClInclude>
    <ClInclude Include="source\game\GameState.h">
      <Filter>source\game</Filter>
    </ClInclude>
    <ClInclude Include="source\game\GameStateManager.h">
      <Filter>source\game</Filter>
    </ClInclude>
    <ClInclude Include="source\game\GameTileFactory.h">
      <Filter>source\game</Filter>
    </ClInclude>
    <ClInclude Include="source\game\PlayerBase.h">
      <Filter>source\game</Filter>
    </ClInclude>
    <ClInclude Include="source\game\PlayerState.h">
      <Filter>source\game</Filter>
    </ClInclude>
    <ClInclude Include="source\game\WorldState.h">
      <Filter>source\game</Filter>
    </ClInclude>
    <ClInclude Include="source\game\tiletrait\CollidableTile.h">
      <Filter>source\game\TileTrait</Filter>
    </ClInclude>
    <ClInclude Include="source\game\tiletrait\DrawableTile.h">
      <Filter>source\game\TileTrait</Filter>
    </ClInclude>
    <ClInclude Include="source\game\tiletrait\DynamicTile.h">
      <Filter>source\game\TileTrait</Filter>
    </ClInclude>
    <ClInclude Include="source\game\tiletrait\StaticTile.h">
      <Filter>source\game\TileTrait</Filter>
    </ClInclude>
    <ClInclude Include="source\game\tiletrait\GameTileBase.h">
      <Filter>source\game\TileTrait</Filter>
    </ClInclude>
    <ClInclude Include="source\game\tile\GameWallTile.h">
      <Filter>source\game\Tile</Filter>
    </ClInclude>
    <ClInclude Include="source\game\tiletrait\SynchronizableTile.h">
      <Filter>source\game\TileTrait</Filter>
    </ClInclude>
    <ClInclude Include="source\game\LocalPlayer.h">
      <Filter>source\game</Filter>
    </ClInclude>
    <ClInclude Include="source\device\CoreDevice.h">
      <Filter>source\device</Filter>
    </ClInclude>
    <ClInclude Include="source\resource\ResourceType.h">
      <Filter>source\resource</Filter>
    </ClInclude>
    <ClInclude Include="source\resource\ResourceDefinition.h">
      <Filter>source\resource</Filter>
    </ClInclude>
    <ClInclude Include="source\device\DeviceConfig.h">
      <Filter>source\device</Filter>
    </ClInclude>
    <ClInclude Include="source\game\WorldBase.h">
      <Filter>source\game</Filter>
    </ClInclude>
    <ClInclude Include="source\game\HostWorld.h">
      <Filter>source\game</Filter>
    </ClInclude>
    <ClInclude Include="source\game\Environment.h">
      <Filter>source\game</Filter>
    </ClInclude>
    <ClInclude Include="source\game\tiletrait\InitializableTile.h">
      <Filter>source\game\TileTrait</Filter>
    </ClInclude>
    <ClInclude Include="source\game\tile\TileId.h">
      <Filter>source\game\Tile</Filter>
    </ClInclude>
    <ClInclude Include="source\scene\TestGameScene.h">
      <Filter>source\scene</Filter>
    </ClInclude>
    <ClInclude Include="source\menu\MenuElementBase.h">
      <Filter>source\menu</Filter>
    </ClInclude>
    <ClInclude Include="source\menu\MenuLabel.h">
      <Filter>source\menu</Filter>
    </ClInclude>
    <ClInclude Include="source\menu\MenuRootBase.h">
      <Filter>source\menu</Filter>
    </ClInclude>
    <ClInclude Include="source\scene\TestMenuScene.h">
      <Filter>source\scene</Filter>
    </ClInclude>
    <ClInclude Include="source\resource\tiles\ResourceTileContentBase.h">
      <Filter>source\resource\tiles</Filter>
    </ClInclude>
    <ClInclude Include="source\editor\tilechoice\TileChoiceButton.h">
      <Filter>source\editor\tilechoice</Filter>
    </ClInclude>
  </ItemGroup>
  <ItemGroup>
    <ClCompile Include="winMain.cpp">
      <Filter>source</Filter>
    </ClCompile>
    <ClCompile Include="source\device\InputDevice.cpp">
      <Filter>source\device</Filter>
    </ClCompile>
    <ClCompile Include="source\device\ScreenDevice.cpp">
      <Filter>source\device</Filter>
    </ClCompile>
    <ClCompile Include="source\scene\SubSceneBase.cpp">
      <Filter>source\scene\base</Filter>
    </ClCompile>
    <ClCompile Include="source\scene\GameBaseScene.cpp">
      <Filter>source\scene</Filter>
    </ClCompile>
    <ClCompile Include="source\scene\MenuBaseScene.cpp">
      <Filter>source\scene</Filter>
    </ClCompile>
    <ClCompile Include="source\scene\LocalGameScene.cpp">
      <Filter>source\scene</Filter>
    </ClCompile>
    <ClCompile Include="source\scene\EditorScene.cpp">
      <Filter>source\scene</Filter>
    </ClCompile>
    <ClCompile Include="source\framework\Animation.cpp">
      <Filter>source\framework</Filter>
    </ClCompile>
    <ClCompile Include="source\framework\AsyncAnimation.cpp">
      <Filter>source\framework</Filter>
    </ClCompile>
    <ClCompile Include="source\framework\Context.cpp">
      <Filter>source\framework</Filter>
    </ClCompile>
    <ClCompile Include="source\framework\FrameworkInterface.cpp">
      <Filter>source\framework</Filter>
    </ClCompile>
    <ClCompile Include="source\framework\ResourceContext.cpp">
      <Filter>source\framework</Filter>
    </ClCompile>
    <ClCompile Include="source\resource\StaticResource.cpp">
      <Filter>source\resource</Filter>
    </ClCompile>
    <ClCompile Include="source\logger\Output.cpp">
      <Filter>source\logger</Filter>
    </ClCompile>
    <ClCompile Include="source\logger\Section.cpp">
      <Filter>source\logger</Filter>
    </ClCompile>
    <ClCompile Include="source\logger\Logger.cpp">
      <Filter>source\logger</Filter>
    </ClCompile>
    <ClCompile Include="source\logger\SectionHost.cpp">
      <Filter>source\logger</Filter>
    </ClCompile>
    <ClCompile Include="source\resource\ResourceInterface.cpp">
      <Filter>source\resource</Filter>
    </ClCompile>
    <ClCompile Include="source\resource\ResourceBase.cpp">
      <Filter>source\resource</Filter>
    </ClCompile>
    <ClCompile Include="source\resource\WorldResource.cpp">
      <Filter>source\resource</Filter>
    </ClCompile>
    <ClCompile Include="source\resource\TileResource.cpp">
      <Filter>source\resource</Filter>
    </ClCompile>
    <ClCompile Include="source\resource\pipes\FilePipe.cpp">
      <Filter>source\resource\pipes</Filter>
    </ClCompile>
    <ClCompile Include="source\resource\pipes\MemoryPipe.cpp">
      <Filter>source\resource\pipes</Filter>
    </ClCompile>
    <ClCompile Include="source\resource\TileFactory.cpp">
      <Filter>source\resource</Filter>
    </ClCompile>
    <ClCompile Include="source\device\RandomDevice.cpp">
      <Filter>source\device</Filter>
    </ClCompile>
    <ClCompile Include="source\resource\tiles\ResourceWall.cpp">
      <Filter>source\resource\tiles</Filter>
    </ClCompile>
    <ClCompile Include="source\resource\PlayerResource.cpp">
      <Filter>source\resource</Filter>
    </ClCompile>
    <ClCompile Include="source\game\CollisionEngine.cpp">
      <Filter>source\game</Filter>
    </ClCompile>
    <ClCompile Include="source\game\GameStateManager.cpp">
      <Filter>source\game</Filter>
    </ClCompile>
    <ClCompile Include="source\game\GameTileFactory.cpp">
      <Filter>source\game</Filter>
    </ClCompile>
    <ClCompile Include="source\game\PlayerBase.cpp">
      <Filter>source\game</Filter>
    </ClCompile>
    <ClCompile Include="source\game\PlayerState.cpp">
      <Filter>source\game</Filter>
    </ClCompile>
    <ClCompile Include="source\game\WorldState.cpp">
      <Filter>source\game</Filter>
    </ClCompile>
    <ClCompile Include="source\game\tiletrait\CollidableTile.cpp">
      <Filter>source\game\TileTrait</Filter>
    </ClCompile>
    <ClCompile Include="source\game\tiletrait\DrawableTile.cpp">
      <Filter>source\game\TileTrait</Filter>
    </ClCompile>
    <ClCompile Include="source\game\tiletrait\DynamicTile.cpp">
      <Filter>source\game\TileTrait</Filter>
    </ClCompile>
    <ClCompile Include="source\game\tiletrait\GameTileBase.cpp">
      <Filter>source\game\TileTrait</Filter>
    </ClCompile>
    <ClCompile Include="source\game\tile\GameWallTile.cpp">
      <Filter>source\game\Tile</Filter>
    </ClCompile>
    <ClCompile Include="source\game\LocalPlayer.cpp">
      <Filter>source\game</Filter>
    </ClCompile>
    <ClCompile Include="source\device\CoreDevice.cpp">
      <Filter>source\device</Filter>
    </ClCompile>
    <ClCompile Include="source\resource\ResourceDefinition.cpp">
      <Filter>source\resource</Filter>
    </ClCompile>
    <ClCompile Include="source\device\DeviceConfig.cpp">
      <Filter>source\device</Filter>
    </ClCompile>
    <ClCompile Include="source\game\WorldBase.cpp">
      <Filter>source\game</Filter>
    </ClCompile>
    <ClCompile Include="source\game\HostWorld.cpp">
      <Filter>source\game</Filter>
    </ClCompile>
    <ClCompile Include="source\game\Environment.cpp">
      <Filter>source\game</Filter>
    </ClCompile>
    <ClCompile Include="source\game\tile\TileColors.cpp">
      <Filter>source\game\Tile</Filter>
    </ClCompile>
    <ClCompile Include="source\scene\TestGameScene.cpp">
      <Filter>source\scene</Filter>
    </ClCompile>
    <ClCompile Include="source\menu\MenuElementBase.cpp">
      <Filter>source\menu</Filter>
    </ClCompile>
    <ClCompile Include="source\menu\MenuLabel.cpp">
      <Filter>source\menu</Filter>
    </ClCompile>
    <ClCompile Include="source\menu\MenuRootBase.cpp">
      <Filter>source\menu</Filter>
    </ClCompile>
    <ClCompile Include="source\scene\TestMenuScene.cpp">
      <Filter>source\scene</Filter>
    </ClCompile>
    <ClCompile Include="source\resource\pipes\PipeBase.cpp">
      <Filter>source\resource\pipes</Filter>
    </ClCompile>
    <ClCompile Include="source\editor\manipulator\Manipulator.cpp" />
    <ClCompile Include="source\editor\template\TileTemplateFactory.cpp" />
    <ClCompile Include="source\editor\manipulator\EditorWorld.cpp">
      <Filter>source\editor\manipulator</Filter>
    </ClCompile>
    <ClCompile Include="source\editor\tilechoice\TileChoiceButton.cpp">
      <Filter>source\editor\tilechoice</Filter>
    </ClCompile>
  </ItemGroup>
  <ItemGroup>
    <Image Include="source\resource\IMAG0005.jpg">
      <Filter>source\resource</Filter>
    </Image>
    <Image Include="source\resource\IMAG0011.jpg">
      <Filter>source\resource</Filter>
    </Image>
    <Image Include="source\game\Small_Architecture.jpg">
      <Filter>source\game</Filter>
    </Image>
  </ItemGroup>
  <ItemGroup>
    <None Include="source\menu\MenuButton.cpp">
      <Filter>source\menu</Filter>
    </None>
    <None Include="source\menu\MenuSlideBar.cpp">
      <Filter>source\menu</Filter>
    </None>
    <None Include="source\menu\MenuSlideBar.h">
      <Filter>source\menu</Filter>
    </None>
    <None Include="source\menu\MenuButtonWithLabel.h">
      <Filter>source\menu</Filter>
    </None>
    <None Include="source\menu\MenuButtonWithLabel.cpp">
      <Filter>source\menu</Filter>
    </None>
    <None Include="source\menu\MenuButtonMaterial.cpp">
      <Filter>source\menu</Filter>
    </None>
    <None Include="source\menu\MenuButtonMaterial.h">
      <Filter>source\menu</Filter>
    </None>
    <None Include="source\menu\MenuCommon.h">
      <Filter>source\menu</Filter>
    </None>
    <None Include="source\menu\MenuCommon.cpp">
      <Filter>source\menu</Filter>
    </None>
    <None Include="source\menu\MenuProperty.h">
      <Filter>source\menu</Filter>
    </None>
    <None Include="source\menu\MenuProperty.cpp">
      <Filter>source\menu</Filter>
    </None>
    <None Include="source\menu\MenuRowContainer.cpp">
      <Filter>source\menu</Filter>
    </None>
    <None Include="source\menu\MenuRowContainer.h">
      <Filter>source\menu</Filter>
    </None>
    <None Include="source\menu\MenuScrollContainer.cpp">
      <Filter>source\menu</Filter>
    </None>
    <None Include="source\menu\MenuButton.h">
      <Filter>source\menu</Filter>
    </None>
    <None Include="source\menu\PercentProperty.h">
      <Filter>source\menu</Filter>
    </None>
    <None Include="source\menu\PercentProperty.cpp">
      <Filter>source\menu</Filter>
    </None>
    <None Include="source\editor\selector\SelectorRoot.h">
      <Filter>source\editor\selector</Filter>
    </None>
    <None Include="source\editor\selector\SelectorRoot.cpp">
      <Filter>source\editor\selector</Filter>
    </None>
    <None Include="source\menu\shape\CrossShape.h">
      <Filter>source\menu\shape</Filter>
    </None>
    <None Include="source\menu\shape\CrossShape.cpp">
      <Filter>source\menu\shape</Filter>
    </None>
    <None Include="source\editor\selector\SelectorView.h">
      <Filter>source\editor\selector</Filter>
    </None>
    <None Include="source\editor\selector\SelectorView.cpp">
      <Filter>source\editor\selector</Filter>
    </None>
    <None Include="source\editor\manipulator\Executor.cpp">
      <Filter>source\editor\manipulator</Filter>
    </None>
    <None Include="source\editor\manipulator\Executor.h">
      <Filter>source\editor\manipulator</Filter>
    </None>
    <None Include="source\editor\manipulator\Manipulator.h">
      <Filter>source\editor\manipulator</Filter>
    </None>
    <None Include="source\editor\manipulator\Manipulator.jpg">
      <Filter>source\editor\manipulator</Filter>
    </None>
    <None Include="source\editor\manipulator\tasks\LoadWorldTask.cpp">
      <Filter>source\editor\manipulator\tasks</Filter>
    </None>
    <None Include="source\editor\manipulator\tasks\LoadWorldTask.h">
      <Filter>source\editor\manipulator\tasks</Filter>
    </None>
    <None Include="source\editor\manipulator\tasks\TilePlace.cpp">
      <Filter>source\editor\manipulator\tasks</Filter>
    </None>
    <None Include="source\editor\manipulator\tasks\TilePlace.h">
      <Filter>source\editor\manipulator\tasks</Filter>
    </None>
    <None Include="resource1.h" />
    <None Include="Client1.rc" />
    <None Include="source\editor\selector\SelectorCache.cpp">
      <Filter>source\editor\selector</Filter>
    </None>
    <None Include="source\editor\selector\SelectorCache.h">
      <Filter>source\editor\selector</Filter>
    </None>
    <None Include="source\editor\manipulator\CacheElement.cpp">
      <Filter>source\editor\manipulator</Filter>
    </None>
    <None Include="source\editor\manipulator\CacheElement.h">
      <Filter>source\editor\manipulator</Filter>
    </None>
    <None Include="source\editor\manipulator\EditorTask.h">
      <Filter>source\editor\manipulator</Filter>
    </None>
    <None Include="source\editor\manipulator\EditorTask.cpp">
      <Filter>source\editor\manipulator</Filter>
    </None>
    <None Include="source\editor\manipulator\EditorWorld.h">
      <Filter>source\editor\manipulator</Filter>
    </None>
    <None Include="source\editor\selector\SelectorMarker.h">
      <Filter>source\editor\selector</Filter>
    </None>
    <None Include="source\editor\selector\SelectorMarker.cpp">
      <Filter>source\editor\selector</Filter>
    </None>
    <None Include="source\editor\manipulator\EditorCache.cpp">
      <Filter>source\editor\manipulator</Filter>
    </None>
    <None Include="source\editor\manipulator\EditorCache.h">
      <Filter>source\editor\manipulator</Filter>
    </None>
    <None Include="source\editor\template\TileTemplate.cpp">
      <Filter>source\editor\template</Filter>
    </None>
    <None Include="source\editor\template\TileTemplate.h">
      <Filter>source\editor\template</Filter>
    </None>
    <None Include="source\editor\template\TileTemplateFactory.h">
      <Filter>source\editor\template</Filter>
    </None>
    <None Include="source\editor\template\WallTemplate.cpp">
      <Filter>source\editor\template</Filter>
    </None>
    <None Include="source\editor\template\WallTemplate.h">
      <Filter>source\editor\template</Filter>
    </None>
    <None Include="source\editor\tile\EditorTileBase.cpp">
      <Filter>source\editor\tiles</Filter>
    </None>
    <None Include="source\editor\tile\EditorTileBase.h">
      <Filter>source\editor\tiles</Filter>
    </None>
    <None Include="source\editor\tile\EditorWall.cpp">
      <Filter>source\editor\tiles</Filter>
    </None>
    <None Include="source\editor\tile\EditorWall.h">
      <Filter>source\editor\tiles</Filter>
    </None>
    <None Include="source\editor\tilechoice\TileCoiceCache.cpp">
      <Filter>source\editor\tilechoice</Filter>
    </None>
    <None Include="source\editor\tilechoice\TileCoiceCache.h">
      <Filter>source\editor\tilechoice</Filter>
    </None>
    <None Include="source\editor\tilechoice\TileChoiceRoot.h">
      <Filter>source\editor\tilechoice</Filter>
    </None>
    <None Include="source\editor\tilechoice\TileChoiceRoot.cpp">
      <Filter>source\editor\tilechoice</Filter>
    </None>
    <None Include="source\editor\tilechoice\TileSearchRoot.h">
      <Filter>source\editor\tilechoice</Filter>
    </None>
    <None Include="source\editor\tilechoice\TileSearchRoot.cpp">
      <Filter>source\editor\tilechoice</Filter>
    </None>
    <None Include="source\menu\MenuSpecialProperties.h">
      <Filter>source\menu</Filter>
    </None>
    <None Include="source\menu\MenuSpecialProperties.cpp">
      <Filter>source\menu</Filter>
    </None>
    <None Include="source\editor\tilechoice\TileSearchWorker.h">
      <Filter>source\editor\tilechoice</Filter>
    </None>
    <None Include="source\editor\tilechoice\TileSearchWorker.cpp">
      <Filter>source\editor\tilechoice</Filter>
    </None>
    <None Include="source\editor\tilechoice\TileChoiceListener.cpp">
      <Filter>source\editor\tilechoice</Filter>
    </None>
    <None Include="source\editor\tilechoice\TileChoiceListener.h">
      <Filter>source\editor\tilechoice</Filter>
    </None>
    <None Include="source\editor\tilechoice\TileChoiceWorker.cpp">
      <Filter>source\editor\tilechoice</Filter>
    </None>
    <None Include="source\editor\tilechoice\TileChoiceWorker.h">
      <Filter>source\editor\tilechoice</Filter>
    </None>
    <None Include="source\resource\CommonResourceTypes.h">
      <Filter>source\resource</Filter>
    </None>
    <None Include="source\menu\MenuFPSLabel.h">
      <Filter>source\menu</Filter>
    </None>
    <None Include="source\menu\MenuFPSLabel.cpp">
      <Filter>source\menu</Filter>
    </None>
    <None Include="source\editor\subscene\GroupedTilePreview.cpp">
      <Filter>source\editor\subscenes</Filter>
    </None>
    <None Include="source\editor\subscene\GroupedTilePreview.h">
      <Filter>source\editor\subscenes</Filter>
    </None>
    <None Include="source\menu\MenuTextBox.h">
      <Filter>source\menu</Filter>
    </None>
    <None Include="source\menu\MenuTextBox.cpp">
      <Filter>source\menu</Filter>
    </None>
    <None Include="source\menu\MenuNotifier.cpp">
      <Filter>source\menu</Filter>
    </None>
    <None Include="source\menu\MenuNotifier.h">
      <Filter>source\menu</Filter>
    </None>
    <None Include="source\menu\MenuEvent.h">
      <Filter>source\menu</Filter>
    </None>
    <None Include="source\menu\MenuScrollContainer.h">
      <Filter>source\menu</Filter>
    </None>
    <None Include="source\menu\MenuRenderContainer.cpp">
      <Filter>source\menu</Filter>
    </None>
    <None Include="source\menu\MenuRenderContainer.h">
      <Filter>source\menu</Filter>
    </None>
    <None Include="source\menu\MenuTextBoxWithInfo.h">
      <Filter>source\menu</Filter>
    </None>
    <None Include="source\menu\MenuTextBoxWithInfo.cpp">
      <Filter>source\menu</Filter>
    </None>
    <None Include="source\shared\tiles\TileDescription.h">
      <Filter>source\shared\tiles</Filter>
    </None>
    <None Include="source\shared\tiles\TileId.h">
      <Filter>source\shared\tiles</Filter>
    </None>
  </ItemGroup>
</Project>