<?xml version="1.0" encoding="utf-8"?>
<Project ToolsVersion="4.0" xmlns="http://schemas.microsoft.com/developer/msbuild/2003">
  <ItemGroup>
    <Filter Include="resource">
      <UniqueIdentifier>{42291284-0964-442f-8063-c2b19518518e}</UniqueIdentifier>
    </Filter>
    <Filter Include="source">
      <UniqueIdentifier>{2e177454-0310-4b98-83db-6131400532f6}</UniqueIdentifier>
    </Filter>
    <Filter Include="source\device">
      <UniqueIdentifier>{3c5ec0a8-907f-4a53-8d68-9f6dfb341cd4}</UniqueIdentifier>
    </Filter>
    <Filter Include="source\game">
      <UniqueIdentifier>{038f029f-f416-4f5f-adf3-02047141e720}</UniqueIdentifier>
    </Filter>
    <Filter Include="source\game\tiles">
      <UniqueIdentifier>{7ef2c45d-03ec-4b5b-b25a-9802ab32cc3f}</UniqueIdentifier>
    </Filter>
    <Filter Include="source\scene">
      <UniqueIdentifier>{d66df3f7-ec3c-4cfc-b672-8a27167a6845}</UniqueIdentifier>
    </Filter>
  </ItemGroup>
  <ItemGroup>
    <ClInclude Include="resource.h">
      <Filter>resource</Filter>
    </ClInclude>
    <ClInclude Include="source\device\DeviceInterface.h">
      <Filter>source\device</Filter>
    </ClInclude>
    <ClInclude Include="source\device\InputDevice.h">
      <Filter>source\device</Filter>
    </ClInclude>
    <ClInclude Include="source\device\ScreenDevice.h">
      <Filter>source\device</Filter>
    </ClInclude>
    <ClInclude Include="source\device\Settings.h">
      <Filter>source\device</Filter>
    </ClInclude>
    <ClInclude Include="source\scene\DebugScene.h">
      <Filter>source\scene</Filter>
    </ClInclude>
    <ClInclude Include="source\scene\SceneBase.h">
      <Filter>source\scene</Filter>
    </ClInclude>
    <ClInclude Include="source\scene\SceneInterface.h">
      <Filter>source\scene</Filter>
    </ClInclude>
    <ClInclude Include="source\game\World.h">
      <Filter>source\game</Filter>
    </ClInclude>
    <ClInclude Include="source\game\LocalPlayer.h">
      <Filter>source\game</Filter>
    </ClInclude>
    <ClInclude Include="source\game\PlayerBase.h">
      <Filter>source\game</Filter>
    </ClInclude>
    <ClInclude Include="source\game\GameView.h">
      <Filter>source\game</Filter>
    </ClInclude>
    <ClInclude Include="source\game\tiles\CollidableTile.h">
      <Filter>source\game\tiles</Filter>
    </ClInclude>
    <ClInclude Include="source\game\tiles\Wall.h">
      <Filter>source\game\tiles</Filter>
    </ClInclude>
    <ClInclude Include="source\game\tiles\TileBase.h">
      <Filter>source\game\tiles</Filter>
    </ClInclude>
    <ClInclude Include="source\game\tiles\TouchableTile.h">
      <Filter>source\game\tiles</Filter>
    </ClInclude>
    <ClInclude Include="source\game\tiles\TimedTile.h">
      <Filter>source\game\tiles</Filter>
    </ClInclude>
    <ClInclude Include="source\scene\GameBaseScene.h">
      <Filter>source\scene</Filter>
    </ClInclude>
    <ClInclude Include="source\scene\LocalGameScene.h">
      <Filter>source\scene</Filter>
    </ClInclude>
    <ClInclude Include="source\device\ResourceDevice.h">
      <Filter>source\device</Filter>
    </ClInclude>
  </ItemGroup>
  <ItemGroup>
    <ClCompile Include="winMain.cpp">
      <Filter>source</Filter>
    </ClCompile>
    <ClCompile Include="source\device\DeviceInterface.cpp">
      <Filter>source\device</Filter>
    </ClCompile>
    <ClCompile Include="source\device\InputDevice.cpp">
      <Filter>source\device</Filter>
    </ClCompile>
    <ClCompile Include="source\device\ScreenDevice.cpp">
      <Filter>source\device</Filter>
    </ClCompile>
    <ClCompile Include="source\device\Settings.cpp">
      <Filter>source\device</Filter>
    </ClCompile>
    <ClCompile Include="source\scene\DebugScene.cpp">
      <Filter>source\scene</Filter>
    </ClCompile>
    <ClCompile Include="source\scene\SceneInterface.cpp">
      <Filter>source\scene</Filter>
    </ClCompile>
    <ClCompile Include="source\game\World.cpp">
      <Filter>source\game</Filter>
    </ClCompile>
    <ClCompile Include="source\game\LocalPlayer.cpp">
      <Filter>source\game</Filter>
    </ClCompile>
    <ClCompile Include="source\game\PlayerBase.cpp">
      <Filter>source\game</Filter>
    </ClCompile>
    <ClCompile Include="source\game\GameView.cpp">
      <Filter>source\game</Filter>
    </ClCompile>
    <ClCompile Include="source\game\tiles\CollidableTile.cpp">
      <Filter>source\game\tiles</Filter>
    </ClCompile>
    <ClCompile Include="source\game\tiles\Wall.cpp">
      <Filter>source\game\tiles</Filter>
    </ClCompile>
    <ClCompile Include="source\game\tiles\TileBase.cpp">
      <Filter>source\game\tiles</Filter>
    </ClCompile>
    <ClCompile Include="source\game\tiles\TouchableTile.cpp">
      <Filter>source\game\tiles</Filter>
    </ClCompile>
    <ClCompile Include="source\game\tiles\TimedTile.cpp">
      <Filter>source\game\tiles</Filter>
    </ClCompile>
    <ClCompile Include="source\scene\GameBaseScene.cpp">
      <Filter>source\scene</Filter>
    </ClCompile>
    <ClCompile Include="source\scene\LocalGameScene.cpp">
      <Filter>source\scene</Filter>
    </ClCompile>
    <ClCompile Include="source\device\ResourceDevice.cpp">
      <Filter>source\device</Filter>
    </ClCompile>
  </ItemGroup>
  <ItemGroup>
    <ResourceCompile Include="Client.rc">
      <Filter>resource</Filter>
    </ResourceCompile>
  </ItemGroup>
</Project>