<?xml version="1.0" encoding="utf-8"?>
<Project ToolsVersion="4.0" xmlns="http://schemas.microsoft.com/developer/msbuild/2003">
  <ItemGroup>
    <Filter Include="source">
      <UniqueIdentifier>{64e15e9c-035c-433f-95ae-8f7bf75ce422}</UniqueIdentifier>
    </Filter>
  </ItemGroup>
  <ItemGroup>
    <ClInclude Include="DatabaseCore.h">
      <Filter>source</Filter>
    </ClInclude>
    <ClInclude Include="StatementBase.h">
      <Filter>source</Filter>
    </ClInclude>
    <ClInclude Include="TableBase.h">
      <Filter>source</Filter>
    </ClInclude>
  </ItemGroup>
  <ItemGroup>
    <ClCompile Include="DatabaseCore.cpp">
      <Filter>source</Filter>
    </ClCompile>
    <ClCompile Include="StatementBase.cpp">
      <Filter>source</Filter>
    </ClCompile>
    <ClCompile Include="TableBase.cpp">
      <Filter>source</Filter>
    </ClCompile>
  </ItemGroup>
</Project>