
Microsoft Visual Studio Solution File, Format Version 12.00
# Visual Studio Version 16
VisualStudioVersion = 16.0.29709.97
MinimumVisualStudioVersion = 10.0.40219.1
Project("{8BC9CEB8-8B4A-11D0-8D11-00A0C91BC942}") = "Common", "source\Common\Common.vcxitems", "{3F11CB66-9D73-4186-A27A-4E25EF362A18}"
EndProject
Project("{8BC9CEB8-8B4A-11D0-8D11-00A0C91BC942}") = "DatabaseCore", "source\DatabaseCore\DatabaseCore.vcxproj", "{50F55989-DC3D-4134-9782-3174D0644AE9}"
EndProject
Project("{8BC9CEB8-8B4A-11D0-8D11-00A0C91BC942}") = "FrameworkCore", "source\FrameworkCore\FrameworkCore.vcxproj", "{B1736540-20AD-4BAC-B9ED-26BD4052E2CF}"
EndProject
Project("{8BC9CEB8-8B4A-11D0-8D11-00A0C91BC942}") = "GameCore", "source\GameCore\GameCore.vcxproj", "{B16D1FB2-459D-4FDB-9644-946543FD3EBB}"
EndProject
Project("{8BC9CEB8-8B4A-11D0-8D11-00A0C91BC942}") = "Logger", "source\Logger\Logger.vcxproj", "{2132B508-F7F2-4CFB-9B81-BBAC679AE5A9}"
EndProject
Project("{8BC9CEB8-8B4A-11D0-8D11-00A0C91BC942}") = "NetCore", "source\NetCore\NetCore.vcxproj", "{CB0589F8-3D8C-41F5-AE7C-27F7BC688B20}"
EndProject
Project("{8BC9CEB8-8B4A-11D0-8D11-00A0C91BC942}") = "Operator", "source\Operator\Operator.vcxproj", "{D91CF439-1781-420C-A323-B640E009731C}"
EndProject
Project("{8BC9CEB8-8B4A-11D0-8D11-00A0C91BC942}") = "OperatorClient", "source\OperatorClient\OperatorClient.vcxproj", "{BF820ACF-12DD-4C75-836C-84551731CAA6}"
EndProject
Project("{8BC9CEB8-8B4A-11D0-8D11-00A0C91BC942}") = "ResourceCore", "source\ResourceCore\Resource.vcxproj", "{52DA07A5-220A-4D77-A4EB-B7A9FF800D9C}"
EndProject
Project("{8BC9CEB8-8B4A-11D0-8D11-00A0C91BC942}") = "Test", "source\Test\Test.vcxproj", "{003A8E49-79C7-40CA-970A-CABBD502CA90}"
EndProject
Project("{8BC9CEB8-8B4A-11D0-8D11-00A0C91BC942}") = "Client", "source\Client\Client.vcxproj", "{483430A7-2A72-4411-8636-E7964A1B9E55}"
EndProject
Project("{8BC9CEB8-8B4A-11D0-8D11-00A0C91BC942}") = "imgui-sfml", "source\imgui-sfml\imgui-sfml.vcxproj", "{A1F59AB9-4CEC-41B4-B63C-885086BD4DEA}"
EndProject
Project("{8BC9CEB8-8B4A-11D0-8D11-00A0C91BC942}") = "imgui", "source\imgui\imgui.vcxproj", "{9FF64964-33BE-443C-8F95-B3A44651EC9A}"
EndProject
Project("{8BC9CEB8-8B4A-11D0-8D11-00A0C91BC942}") = "Sudoku", "Sudoku\Sudoku.vcxproj", "{0493CD08-7C8F-4FB8-BC96-CFFA09450F8B}"
EndProject
Project("{2150E333-8FDC-42A3-9474-1A3956D46DE8}") = "lib", "lib", "{9D541D98-BF6E-418F-B27F-837325147FEA}"
EndProject
Project("{8BC9CEB8-8B4A-11D0-8D11-00A0C91BC942}") = "Simulator", "source\Simulator\Simulator.vcxproj", "{E009CEA3-2307-40D6-87EA-DCEC59A39B94}"
EndProject
Project("{8BC9CEB8-8B4A-11D0-8D11-00A0C91BC942}") = "EditorCore", "source\EditorCore\EditorCore.vcxproj", "{A53D892B-93C0-4A5E-ABAA-4B97DD86D334}"
EndProject
Project("{2150E333-8FDC-42A3-9474-1A3956D46DE8}") = "independent", "independent", "{6B85AF96-F074-4B0C-9A3A-4CFC4FA0FE35}"
	ProjectSection(SolutionItems) = preProject
		thoughts.txt = thoughts.txt
	EndProjectSection
EndProject
Global
	GlobalSection(SharedMSBuildProjectFiles) = preSolution
		source\Common\Common.vcxitems*{3f11cb66-9d73-4186-a27a-4e25ef362a18}*SharedItemsImports = 9
		source\Common\Common.vcxitems*{483430a7-2a72-4411-8636-e7964a1b9e55}*SharedItemsImports = 4
		source\Common\Common.vcxitems*{52da07a5-220a-4d77-a4eb-b7a9ff800d9c}*SharedItemsImports = 4
		source\Common\Common.vcxitems*{a53d892b-93c0-4a5e-abaa-4b97dd86d334}*SharedItemsImports = 4
		source\Common\Common.vcxitems*{b16d1fb2-459d-4fdb-9644-946543fd3ebb}*SharedItemsImports = 4
		source\Common\Common.vcxitems*{b1736540-20ad-4bac-b9ed-26bd4052e2cf}*SharedItemsImports = 4
		source\Common\Common.vcxitems*{bf820acf-12dd-4c75-836c-84551731caa6}*SharedItemsImports = 4
		source\Common\Common.vcxitems*{cb0589f8-3d8c-41f5-ae7c-27f7bc688b20}*SharedItemsImports = 4
		source\Common\Common.vcxitems*{d91cf439-1781-420c-a323-b640e009731c}*SharedItemsImports = 4
		source\Common\Common.vcxitems*{e009cea3-2307-40d6-87ea-dcec59a39b94}*SharedItemsImports = 4
	EndGlobalSection
	GlobalSection(SolutionConfigurationPlatforms) = preSolution
		Debug|Any CPU = Debug|Any CPU
		Debug|x64 = Debug|x64
		Debug|x86 = Debug|x86
		Release|Any CPU = Release|Any CPU
		Release|x64 = Release|x64
		Release|x86 = Release|x86
	EndGlobalSection
	GlobalSection(ProjectConfigurationPlatforms) = postSolution
		{50F55989-DC3D-4134-9782-3174D0644AE9}.Debug|Any CPU.ActiveCfg = Debug|x64
		{50F55989-DC3D-4134-9782-3174D0644AE9}.Debug|x64.ActiveCfg = Debug|x64
		{50F55989-DC3D-4134-9782-3174D0644AE9}.Debug|x64.Build.0 = Debug|x64
		{50F55989-DC3D-4134-9782-3174D0644AE9}.Debug|x86.ActiveCfg = Debug|x64
		{50F55989-DC3D-4134-9782-3174D0644AE9}.Release|Any CPU.ActiveCfg = Release|x64
		{50F55989-DC3D-4134-9782-3174D0644AE9}.Release|x64.ActiveCfg = Release|x64
		{50F55989-DC3D-4134-9782-3174D0644AE9}.Release|x64.Build.0 = Release|x64
		{50F55989-DC3D-4134-9782-3174D0644AE9}.Release|x86.ActiveCfg = Release|x64
		{B1736540-20AD-4BAC-B9ED-26BD4052E2CF}.Debug|Any CPU.ActiveCfg = Debug|x64
		{B1736540-20AD-4BAC-B9ED-26BD4052E2CF}.Debug|x64.ActiveCfg = Debug|x64
		{B1736540-20AD-4BAC-B9ED-26BD4052E2CF}.Debug|x64.Build.0 = Debug|x64
		{B1736540-20AD-4BAC-B9ED-26BD4052E2CF}.Debug|x86.ActiveCfg = Debug|x64
		{B1736540-20AD-4BAC-B9ED-26BD4052E2CF}.Release|Any CPU.ActiveCfg = Release|x64
		{B1736540-20AD-4BAC-B9ED-26BD4052E2CF}.Release|x64.ActiveCfg = Release|x64
		{B1736540-20AD-4BAC-B9ED-26BD4052E2CF}.Release|x64.Build.0 = Release|x64
		{B1736540-20AD-4BAC-B9ED-26BD4052E2CF}.Release|x86.ActiveCfg = Release|x64
		{B16D1FB2-459D-4FDB-9644-946543FD3EBB}.Debug|Any CPU.ActiveCfg = Debug|x64
		{B16D1FB2-459D-4FDB-9644-946543FD3EBB}.Debug|x64.ActiveCfg = Debug|x64
		{B16D1FB2-459D-4FDB-9644-946543FD3EBB}.Debug|x64.Build.0 = Debug|x64
		{B16D1FB2-459D-4FDB-9644-946543FD3EBB}.Debug|x86.ActiveCfg = Debug|x64
		{B16D1FB2-459D-4FDB-9644-946543FD3EBB}.Release|Any CPU.ActiveCfg = Release|x64
		{B16D1FB2-459D-4FDB-9644-946543FD3EBB}.Release|x64.ActiveCfg = Release|x64
		{B16D1FB2-459D-4FDB-9644-946543FD3EBB}.Release|x64.Build.0 = Release|x64
		{B16D1FB2-459D-4FDB-9644-946543FD3EBB}.Release|x86.ActiveCfg = Release|x64
		{2132B508-F7F2-4CFB-9B81-BBAC679AE5A9}.Debug|Any CPU.ActiveCfg = Debug|x64
		{2132B508-F7F2-4CFB-9B81-BBAC679AE5A9}.Debug|x64.ActiveCfg = Debug|x64
		{2132B508-F7F2-4CFB-9B81-BBAC679AE5A9}.Debug|x64.Build.0 = Debug|x64
		{2132B508-F7F2-4CFB-9B81-BBAC679AE5A9}.Debug|x86.ActiveCfg = Debug|x64
		{2132B508-F7F2-4CFB-9B81-BBAC679AE5A9}.Release|Any CPU.ActiveCfg = Release|x64
		{2132B508-F7F2-4CFB-9B81-BBAC679AE5A9}.Release|x64.ActiveCfg = Release|x64
		{2132B508-F7F2-4CFB-9B81-BBAC679AE5A9}.Release|x64.Build.0 = Release|x64
		{2132B508-F7F2-4CFB-9B81-BBAC679AE5A9}.Release|x86.ActiveCfg = Release|x64
		{CB0589F8-3D8C-41F5-AE7C-27F7BC688B20}.Debug|Any CPU.ActiveCfg = Debug|x64
		{CB0589F8-3D8C-41F5-AE7C-27F7BC688B20}.Debug|x64.ActiveCfg = Debug|x64
		{CB0589F8-3D8C-41F5-AE7C-27F7BC688B20}.Debug|x64.Build.0 = Debug|x64
		{CB0589F8-3D8C-41F5-AE7C-27F7BC688B20}.Debug|x86.ActiveCfg = Debug|x64
		{CB0589F8-3D8C-41F5-AE7C-27F7BC688B20}.Release|Any CPU.ActiveCfg = Release|x64
		{CB0589F8-3D8C-41F5-AE7C-27F7BC688B20}.Release|x64.ActiveCfg = Release|x64
		{CB0589F8-3D8C-41F5-AE7C-27F7BC688B20}.Release|x64.Build.0 = Release|x64
		{CB0589F8-3D8C-41F5-AE7C-27F7BC688B20}.Release|x86.ActiveCfg = Release|x64
		{D91CF439-1781-420C-A323-B640E009731C}.Debug|Any CPU.ActiveCfg = Debug|x64
		{D91CF439-1781-420C-A323-B640E009731C}.Debug|x64.ActiveCfg = Debug|x64
		{D91CF439-1781-420C-A323-B640E009731C}.Debug|x64.Build.0 = Debug|x64
		{D91CF439-1781-420C-A323-B640E009731C}.Debug|x86.ActiveCfg = Debug|x64
		{D91CF439-1781-420C-A323-B640E009731C}.Release|Any CPU.ActiveCfg = Release|x64
		{D91CF439-1781-420C-A323-B640E009731C}.Release|x64.ActiveCfg = Release|x64
		{D91CF439-1781-420C-A323-B640E009731C}.Release|x64.Build.0 = Release|x64
		{D91CF439-1781-420C-A323-B640E009731C}.Release|x86.ActiveCfg = Release|x64
		{BF820ACF-12DD-4C75-836C-84551731CAA6}.Debug|Any CPU.ActiveCfg = Debug|x64
		{BF820ACF-12DD-4C75-836C-84551731CAA6}.Debug|x64.ActiveCfg = Debug|x64
		{BF820ACF-12DD-4C75-836C-84551731CAA6}.Debug|x64.Build.0 = Debug|x64
		{BF820ACF-12DD-4C75-836C-84551731CAA6}.Debug|x86.ActiveCfg = Debug|x64
		{BF820ACF-12DD-4C75-836C-84551731CAA6}.Release|Any CPU.ActiveCfg = Release|x64
		{BF820ACF-12DD-4C75-836C-84551731CAA6}.Release|x64.ActiveCfg = Release|x64
		{BF820ACF-12DD-4C75-836C-84551731CAA6}.Release|x64.Build.0 = Release|x64
		{BF820ACF-12DD-4C75-836C-84551731CAA6}.Release|x86.ActiveCfg = Release|x64
		{52DA07A5-220A-4D77-A4EB-B7A9FF800D9C}.Debug|Any CPU.ActiveCfg = Debug|x64
		{52DA07A5-220A-4D77-A4EB-B7A9FF800D9C}.Debug|x64.ActiveCfg = Debug|x64
		{52DA07A5-220A-4D77-A4EB-B7A9FF800D9C}.Debug|x64.Build.0 = Debug|x64
		{52DA07A5-220A-4D77-A4EB-B7A9FF800D9C}.Debug|x86.ActiveCfg = Debug|x64
		{52DA07A5-220A-4D77-A4EB-B7A9FF800D9C}.Release|Any CPU.ActiveCfg = Release|x64
		{52DA07A5-220A-4D77-A4EB-B7A9FF800D9C}.Release|x64.ActiveCfg = Release|x64
		{52DA07A5-220A-4D77-A4EB-B7A9FF800D9C}.Release|x64.Build.0 = Release|x64
		{52DA07A5-220A-4D77-A4EB-B7A9FF800D9C}.Release|x86.ActiveCfg = Release|x64
		{003A8E49-79C7-40CA-970A-CABBD502CA90}.Debug|Any CPU.ActiveCfg = Debug|Win32
		{003A8E49-79C7-40CA-970A-CABBD502CA90}.Debug|x64.ActiveCfg = Debug|x64
		{003A8E49-79C7-40CA-970A-CABBD502CA90}.Debug|x64.Build.0 = Debug|x64
		{003A8E49-79C7-40CA-970A-CABBD502CA90}.Debug|x86.ActiveCfg = Debug|Win32
		{003A8E49-79C7-40CA-970A-CABBD502CA90}.Debug|x86.Build.0 = Debug|Win32
		{003A8E49-79C7-40CA-970A-CABBD502CA90}.Release|Any CPU.ActiveCfg = Release|Win32
		{003A8E49-79C7-40CA-970A-CABBD502CA90}.Release|x64.ActiveCfg = Release|x64
		{003A8E49-79C7-40CA-970A-CABBD502CA90}.Release|x64.Build.0 = Release|x64
		{003A8E49-79C7-40CA-970A-CABBD502CA90}.Release|x86.ActiveCfg = Release|Win32
		{003A8E49-79C7-40CA-970A-CABBD502CA90}.Release|x86.Build.0 = Release|Win32
		{483430A7-2A72-4411-8636-E7964A1B9E55}.Debug|Any CPU.ActiveCfg = Debug|x64
		{483430A7-2A72-4411-8636-E7964A1B9E55}.Debug|x64.ActiveCfg = Debug|x64
		{483430A7-2A72-4411-8636-E7964A1B9E55}.Debug|x64.Build.0 = Debug|x64
		{483430A7-2A72-4411-8636-E7964A1B9E55}.Debug|x86.ActiveCfg = Debug|x64
		{483430A7-2A72-4411-8636-E7964A1B9E55}.Release|Any CPU.ActiveCfg = Release|x64
		{483430A7-2A72-4411-8636-E7964A1B9E55}.Release|x64.ActiveCfg = Release|x64
		{483430A7-2A72-4411-8636-E7964A1B9E55}.Release|x64.Build.0 = Release|x64
		{483430A7-2A72-4411-8636-E7964A1B9E55}.Release|x86.ActiveCfg = Release|x64
		{A1F59AB9-4CEC-41B4-B63C-885086BD4DEA}.Debug|Any CPU.ActiveCfg = Debug|x64
		{A1F59AB9-4CEC-41B4-B63C-885086BD4DEA}.Debug|x64.ActiveCfg = Debug|x64
		{A1F59AB9-4CEC-41B4-B63C-885086BD4DEA}.Debug|x64.Build.0 = Debug|x64
		{A1F59AB9-4CEC-41B4-B63C-885086BD4DEA}.Debug|x86.ActiveCfg = Debug|x64
		{A1F59AB9-4CEC-41B4-B63C-885086BD4DEA}.Release|Any CPU.ActiveCfg = Release|x64
		{A1F59AB9-4CEC-41B4-B63C-885086BD4DEA}.Release|x64.ActiveCfg = Release|x64
		{A1F59AB9-4CEC-41B4-B63C-885086BD4DEA}.Release|x64.Build.0 = Release|x64
		{A1F59AB9-4CEC-41B4-B63C-885086BD4DEA}.Release|x86.ActiveCfg = Release|x64
		{9FF64964-33BE-443C-8F95-B3A44651EC9A}.Debug|Any CPU.ActiveCfg = Debug|x64
		{9FF64964-33BE-443C-8F95-B3A44651EC9A}.Debug|x64.ActiveCfg = Debug|x64
		{9FF64964-33BE-443C-8F95-B3A44651EC9A}.Debug|x64.Build.0 = Debug|x64
		{9FF64964-33BE-443C-8F95-B3A44651EC9A}.Debug|x86.ActiveCfg = Debug|x64
		{9FF64964-33BE-443C-8F95-B3A44651EC9A}.Release|Any CPU.ActiveCfg = Release|x64
		{9FF64964-33BE-443C-8F95-B3A44651EC9A}.Release|x64.ActiveCfg = Release|x64
		{9FF64964-33BE-443C-8F95-B3A44651EC9A}.Release|x64.Build.0 = Release|x64
		{9FF64964-33BE-443C-8F95-B3A44651EC9A}.Release|x86.ActiveCfg = Release|x64
		{0493CD08-7C8F-4FB8-BC96-CFFA09450F8B}.Debug|Any CPU.ActiveCfg = Debug|x64
		{0493CD08-7C8F-4FB8-BC96-CFFA09450F8B}.Debug|x64.ActiveCfg = Debug|x64
		{0493CD08-7C8F-4FB8-BC96-CFFA09450F8B}.Debug|x64.Build.0 = Debug|x64
		{0493CD08-7C8F-4FB8-BC96-CFFA09450F8B}.Debug|x86.ActiveCfg = Debug|x64
		{0493CD08-7C8F-4FB8-BC96-CFFA09450F8B}.Release|Any CPU.ActiveCfg = Release|x64
		{0493CD08-7C8F-4FB8-BC96-CFFA09450F8B}.Release|x64.ActiveCfg = Release|x64
		{0493CD08-7C8F-4FB8-BC96-CFFA09450F8B}.Release|x64.Build.0 = Release|x64
		{0493CD08-7C8F-4FB8-BC96-CFFA09450F8B}.Release|x86.ActiveCfg = Release|x64
		{E009CEA3-2307-40D6-87EA-DCEC59A39B94}.Debug|Any CPU.ActiveCfg = Debug|x64
		{E009CEA3-2307-40D6-87EA-DCEC59A39B94}.Debug|x64.ActiveCfg = Debug|x64
		{E009CEA3-2307-40D6-87EA-DCEC59A39B94}.Debug|x64.Build.0 = Debug|x64
		{E009CEA3-2307-40D6-87EA-DCEC59A39B94}.Debug|x86.ActiveCfg = Debug|x64
		{E009CEA3-2307-40D6-87EA-DCEC59A39B94}.Release|Any CPU.ActiveCfg = Release|x64
		{E009CEA3-2307-40D6-87EA-DCEC59A39B94}.Release|x64.ActiveCfg = Release|x64
		{E009CEA3-2307-40D6-87EA-DCEC59A39B94}.Release|x64.Build.0 = Release|x64
		{E009CEA3-2307-40D6-87EA-DCEC59A39B94}.Release|x86.ActiveCfg = Release|x64
		{A53D892B-93C0-4A5E-ABAA-4B97DD86D334}.Debug|Any CPU.ActiveCfg = Debug|x64
		{A53D892B-93C0-4A5E-ABAA-4B97DD86D334}.Debug|x64.ActiveCfg = Debug|x64
		{A53D892B-93C0-4A5E-ABAA-4B97DD86D334}.Debug|x64.Build.0 = Debug|x64
		{A53D892B-93C0-4A5E-ABAA-4B97DD86D334}.Debug|x86.ActiveCfg = Debug|x64
		{A53D892B-93C0-4A5E-ABAA-4B97DD86D334}.Release|Any CPU.ActiveCfg = Release|x64
		{A53D892B-93C0-4A5E-ABAA-4B97DD86D334}.Release|x64.ActiveCfg = Release|x64
		{A53D892B-93C0-4A5E-ABAA-4B97DD86D334}.Release|x64.Build.0 = Release|x64
		{A53D892B-93C0-4A5E-ABAA-4B97DD86D334}.Release|x86.ActiveCfg = Release|x64
	EndGlobalSection
	GlobalSection(SolutionProperties) = preSolution
		HideSolutionNode = FALSE
	EndGlobalSection
	GlobalSection(NestedProjects) = preSolution
		{3F11CB66-9D73-4186-A27A-4E25EF362A18} = {9D541D98-BF6E-418F-B27F-837325147FEA}
		{50F55989-DC3D-4134-9782-3174D0644AE9} = {9D541D98-BF6E-418F-B27F-837325147FEA}
		{B1736540-20AD-4BAC-B9ED-26BD4052E2CF} = {9D541D98-BF6E-418F-B27F-837325147FEA}
		{B16D1FB2-459D-4FDB-9644-946543FD3EBB} = {9D541D98-BF6E-418F-B27F-837325147FEA}
		{2132B508-F7F2-4CFB-9B81-BBAC679AE5A9} = {9D541D98-BF6E-418F-B27F-837325147FEA}
		{CB0589F8-3D8C-41F5-AE7C-27F7BC688B20} = {9D541D98-BF6E-418F-B27F-837325147FEA}
		{BF820ACF-12DD-4C75-836C-84551731CAA6} = {9D541D98-BF6E-418F-B27F-837325147FEA}
		{52DA07A5-220A-4D77-A4EB-B7A9FF800D9C} = {9D541D98-BF6E-418F-B27F-837325147FEA}
		{A1F59AB9-4CEC-41B4-B63C-885086BD4DEA} = {9D541D98-BF6E-418F-B27F-837325147FEA}
		{9FF64964-33BE-443C-8F95-B3A44651EC9A} = {9D541D98-BF6E-418F-B27F-837325147FEA}
		{A53D892B-93C0-4A5E-ABAA-4B97DD86D334} = {9D541D98-BF6E-418F-B27F-837325147FEA}
	EndGlobalSection
	GlobalSection(ExtensibilityGlobals) = postSolution
		SolutionGuid = {99A289C1-7542-4D71-9DF1-A4BCEF27F935}
	EndGlobalSection
EndGlobal
