
Microsoft Visual Studio Solution File, Format Version 12.00
# Visual Studio Version 16
VisualStudioVersion = 16.0.29709.97
MinimumVisualStudioVersion = 10.0.40219.1
Project("{8BC9CEB8-8B4A-11D0-8D11-00A0C91BC942}") = "Client", "Client\Client.vcxproj", "{F1517242-DD6D-44E5-A612-6E6401BDA83D}"
EndProject
Project("{8BC9CEB8-8B4A-11D0-8D11-00A0C91BC942}") = "Simulator", "Simulator\Simulator.vcxproj", "{CAECECFC-570F-45F0-985B-AFCC26BB9C2A}"
EndProject
Project("{8BC9CEB8-8B4A-11D0-8D11-00A0C91BC942}") = "GameLogic", "GameLogic\GameLogic.vcxproj", "{D2823272-42AD-4C5D-AB98-7D0608B15136}"
EndProject
Project("{8BC9CEB8-8B4A-11D0-8D11-00A0C91BC942}") = "Common", "Common\Common.vcxitems", "{3F11CB66-9D73-4186-A27A-4E25EF362A18}"
EndProject
Project("{8BC9CEB8-8B4A-11D0-8D11-00A0C91BC942}") = "GameNet", "GameNet\GameNet.vcxproj", "{6A2D38AC-7F1E-48BD-B519-52E4D5EFB825}"
EndProject
Project("{8BC9CEB8-8B4A-11D0-8D11-00A0C91BC942}") = "OperatorClient", "OperatorClient\OperatorClient.vcxproj", "{BF820ACF-12DD-4C75-836C-84551731CAA6}"
EndProject
Project("{8BC9CEB8-8B4A-11D0-8D11-00A0C91BC942}") = "ResourceCore", "Resource\Resource.vcxproj", "{52DA07A5-220A-4D77-A4EB-B7A9FF800D9C}"
EndProject
Project("{8BC9CEB8-8B4A-11D0-8D11-00A0C91BC942}") = "Test", "Test\Test.vcxproj", "{003A8E49-79C7-40CA-970A-CABBD502CA90}"
EndProject
Project("{8BC9CEB8-8B4A-11D0-8D11-00A0C91BC942}") = "NetCore", "NetCore\NetCore.vcxproj", "{CB0589F8-3D8C-41F5-AE7C-27F7BC688B20}"
EndProject
Project("{8BC9CEB8-8B4A-11D0-8D11-00A0C91BC942}") = "Logger", "Logger\Logger.vcxproj", "{2132B508-F7F2-4CFB-9B81-BBAC679AE5A9}"
EndProject
Project("{8BC9CEB8-8B4A-11D0-8D11-00A0C91BC942}") = "Operator", "Operator\Operator.vcxproj", "{D91CF439-1781-420C-A323-B640E009731C}"
EndProject
Project("{8BC9CEB8-8B4A-11D0-8D11-00A0C91BC942}") = "DatabaseCore", "DatabaseCore\DatabaseCore.vcxproj", "{50F55989-DC3D-4134-9782-3174D0644AE9}"
EndProject
Global
	GlobalSection(SharedMSBuildProjectFiles) = preSolution
		Common\Common.vcxitems*{003a8e49-79c7-40ca-970a-cabbd502ca90}*SharedItemsImports = 4
		Common\Common.vcxitems*{3f11cb66-9d73-4186-a27a-4e25ef362a18}*SharedItemsImports = 9
		Common\Common.vcxitems*{52da07a5-220a-4d77-a4eb-b7a9ff800d9c}*SharedItemsImports = 4
		Common\Common.vcxitems*{bf820acf-12dd-4c75-836c-84551731caa6}*SharedItemsImports = 4
		Common\Common.vcxitems*{cb0589f8-3d8c-41f5-ae7c-27f7bc688b20}*SharedItemsImports = 4
		Common\Common.vcxitems*{d2823272-42ad-4c5d-ab98-7d0608b15136}*SharedItemsImports = 4
		Common\Common.vcxitems*{d91cf439-1781-420c-a323-b640e009731c}*SharedItemsImports = 4
	EndGlobalSection
	GlobalSection(SolutionConfigurationPlatforms) = preSolution
		Debug|Any CPU = Debug|Any CPU
		Debug|x64 = Debug|x64
		Debug|x86 = Debug|x86
		DebugDynamic|Any CPU = DebugDynamic|Any CPU
		DebugDynamic|x64 = DebugDynamic|x64
		DebugDynamic|x86 = DebugDynamic|x86
		DebugStatic|Any CPU = DebugStatic|Any CPU
		DebugStatic|x64 = DebugStatic|x64
		DebugStatic|x86 = DebugStatic|x86
		Release|Any CPU = Release|Any CPU
		Release|x64 = Release|x64
		Release|x86 = Release|x86
		ReleaseStatic_|Any CPU = ReleaseStatic_|Any CPU
		ReleaseStatic_|x64 = ReleaseStatic_|x64
		ReleaseStatic_|x86 = ReleaseStatic_|x86
		ReleaseStatic|Any CPU = ReleaseStatic|Any CPU
		ReleaseStatic|x64 = ReleaseStatic|x64
		ReleaseStatic|x86 = ReleaseStatic|x86
	EndGlobalSection
	GlobalSection(ProjectConfigurationPlatforms) = postSolution
		{F1517242-DD6D-44E5-A612-6E6401BDA83D}.Debug|Any CPU.ActiveCfg = DebugDynamic|x64
		{F1517242-DD6D-44E5-A612-6E6401BDA83D}.Debug|Any CPU.Build.0 = DebugDynamic|x64
		{F1517242-DD6D-44E5-A612-6E6401BDA83D}.Debug|x64.ActiveCfg = DebugDynamic|x64
		{F1517242-DD6D-44E5-A612-6E6401BDA83D}.Debug|x64.Build.0 = DebugDynamic|x64
		{F1517242-DD6D-44E5-A612-6E6401BDA83D}.Debug|x86.ActiveCfg = DebugDynamic|x64
		{F1517242-DD6D-44E5-A612-6E6401BDA83D}.Debug|x86.Build.0 = DebugDynamic|x64
		{F1517242-DD6D-44E5-A612-6E6401BDA83D}.DebugDynamic|Any CPU.ActiveCfg = DebugDynamic|x64
		{F1517242-DD6D-44E5-A612-6E6401BDA83D}.DebugDynamic|x64.ActiveCfg = DebugDynamic|x64
		{F1517242-DD6D-44E5-A612-6E6401BDA83D}.DebugDynamic|x64.Build.0 = DebugDynamic|x64
		{F1517242-DD6D-44E5-A612-6E6401BDA83D}.DebugDynamic|x86.ActiveCfg = DebugDynamic|x64
		{F1517242-DD6D-44E5-A612-6E6401BDA83D}.DebugStatic|Any CPU.ActiveCfg = DebugStatic|x64
		{F1517242-DD6D-44E5-A612-6E6401BDA83D}.DebugStatic|Any CPU.Build.0 = DebugStatic|x64
		{F1517242-DD6D-44E5-A612-6E6401BDA83D}.DebugStatic|x64.ActiveCfg = DebugStatic|x64
		{F1517242-DD6D-44E5-A612-6E6401BDA83D}.DebugStatic|x64.Build.0 = DebugStatic|x64
		{F1517242-DD6D-44E5-A612-6E6401BDA83D}.DebugStatic|x86.ActiveCfg = DebugStatic|x64
		{F1517242-DD6D-44E5-A612-6E6401BDA83D}.DebugStatic|x86.Build.0 = DebugStatic|x64
		{F1517242-DD6D-44E5-A612-6E6401BDA83D}.Release|Any CPU.ActiveCfg = DebugDynamic|x64
		{F1517242-DD6D-44E5-A612-6E6401BDA83D}.Release|Any CPU.Build.0 = DebugDynamic|x64
		{F1517242-DD6D-44E5-A612-6E6401BDA83D}.Release|x64.ActiveCfg = DebugStatic|x64
		{F1517242-DD6D-44E5-A612-6E6401BDA83D}.Release|x64.Build.0 = DebugStatic|x64
		{F1517242-DD6D-44E5-A612-6E6401BDA83D}.Release|x86.ActiveCfg = DebugDynamic|x64
		{F1517242-DD6D-44E5-A612-6E6401BDA83D}.Release|x86.Build.0 = DebugDynamic|x64
		{F1517242-DD6D-44E5-A612-6E6401BDA83D}.ReleaseStatic_|Any CPU.ActiveCfg = ReleaseStatic_|x64
		{F1517242-DD6D-44E5-A612-6E6401BDA83D}.ReleaseStatic_|x64.ActiveCfg = ReleaseStatic_|x64
		{F1517242-DD6D-44E5-A612-6E6401BDA83D}.ReleaseStatic_|x64.Build.0 = ReleaseStatic_|x64
		{F1517242-DD6D-44E5-A612-6E6401BDA83D}.ReleaseStatic_|x86.ActiveCfg = ReleaseStatic_|x64
		{F1517242-DD6D-44E5-A612-6E6401BDA83D}.ReleaseStatic|Any CPU.ActiveCfg = ReleaseStatic_|x64
		{F1517242-DD6D-44E5-A612-6E6401BDA83D}.ReleaseStatic|Any CPU.Build.0 = ReleaseStatic_|x64
		{F1517242-DD6D-44E5-A612-6E6401BDA83D}.ReleaseStatic|x64.ActiveCfg = ReleaseStatic_|x64
		{F1517242-DD6D-44E5-A612-6E6401BDA83D}.ReleaseStatic|x64.Build.0 = ReleaseStatic_|x64
		{F1517242-DD6D-44E5-A612-6E6401BDA83D}.ReleaseStatic|x86.ActiveCfg = ReleaseStatic_|x64
		{F1517242-DD6D-44E5-A612-6E6401BDA83D}.ReleaseStatic|x86.Build.0 = ReleaseStatic_|x64
		{CAECECFC-570F-45F0-985B-AFCC26BB9C2A}.Debug|Any CPU.ActiveCfg = ReleaseStatic|x64
		{CAECECFC-570F-45F0-985B-AFCC26BB9C2A}.Debug|Any CPU.Build.0 = ReleaseStatic|x64
		{CAECECFC-570F-45F0-985B-AFCC26BB9C2A}.Debug|x64.ActiveCfg = _DebugStatic|x64
		{CAECECFC-570F-45F0-985B-AFCC26BB9C2A}.Debug|x64.Build.0 = _DebugStatic|x64
		{CAECECFC-570F-45F0-985B-AFCC26BB9C2A}.Debug|x86.ActiveCfg = ReleaseStatic|x64
		{CAECECFC-570F-45F0-985B-AFCC26BB9C2A}.Debug|x86.Build.0 = ReleaseStatic|x64
		{CAECECFC-570F-45F0-985B-AFCC26BB9C2A}.DebugDynamic|Any CPU.ActiveCfg = ReleaseStatic|x64
		{CAECECFC-570F-45F0-985B-AFCC26BB9C2A}.DebugDynamic|Any CPU.Build.0 = ReleaseStatic|x64
		{CAECECFC-570F-45F0-985B-AFCC26BB9C2A}.DebugDynamic|x64.ActiveCfg = _DebugStatic|x64
		{CAECECFC-570F-45F0-985B-AFCC26BB9C2A}.DebugDynamic|x64.Build.0 = _DebugStatic|x64
		{CAECECFC-570F-45F0-985B-AFCC26BB9C2A}.DebugDynamic|x86.ActiveCfg = ReleaseStatic|x64
		{CAECECFC-570F-45F0-985B-AFCC26BB9C2A}.DebugDynamic|x86.Build.0 = ReleaseStatic|x64
		{CAECECFC-570F-45F0-985B-AFCC26BB9C2A}.DebugStatic|Any CPU.ActiveCfg = _DebugStatic|x64
		{CAECECFC-570F-45F0-985B-AFCC26BB9C2A}.DebugStatic|Any CPU.Build.0 = _DebugStatic|x64
		{CAECECFC-570F-45F0-985B-AFCC26BB9C2A}.DebugStatic|x64.ActiveCfg = _DebugStatic|x64
		{CAECECFC-570F-45F0-985B-AFCC26BB9C2A}.DebugStatic|x64.Build.0 = _DebugStatic|x64
		{CAECECFC-570F-45F0-985B-AFCC26BB9C2A}.DebugStatic|x86.ActiveCfg = _DebugStatic|x64
		{CAECECFC-570F-45F0-985B-AFCC26BB9C2A}.DebugStatic|x86.Build.0 = _DebugStatic|x64
		{CAECECFC-570F-45F0-985B-AFCC26BB9C2A}.Release|Any CPU.ActiveCfg = ReleaseStatic|x64
		{CAECECFC-570F-45F0-985B-AFCC26BB9C2A}.Release|Any CPU.Build.0 = ReleaseStatic|x64
		{CAECECFC-570F-45F0-985B-AFCC26BB9C2A}.Release|x64.ActiveCfg = ReleaseStatic|x64
		{CAECECFC-570F-45F0-985B-AFCC26BB9C2A}.Release|x64.Build.0 = ReleaseStatic|x64
		{CAECECFC-570F-45F0-985B-AFCC26BB9C2A}.Release|x86.ActiveCfg = ReleaseStatic|x64
		{CAECECFC-570F-45F0-985B-AFCC26BB9C2A}.Release|x86.Build.0 = ReleaseStatic|x64
		{CAECECFC-570F-45F0-985B-AFCC26BB9C2A}.ReleaseStatic_|Any CPU.ActiveCfg = ReleaseStatic|x64
		{CAECECFC-570F-45F0-985B-AFCC26BB9C2A}.ReleaseStatic_|Any CPU.Build.0 = ReleaseStatic|x64
		{CAECECFC-570F-45F0-985B-AFCC26BB9C2A}.ReleaseStatic_|x64.ActiveCfg = DebugStatic|x64
		{CAECECFC-570F-45F0-985B-AFCC26BB9C2A}.ReleaseStatic_|x64.Build.0 = DebugStatic|x64
		{CAECECFC-570F-45F0-985B-AFCC26BB9C2A}.ReleaseStatic_|x86.ActiveCfg = ReleaseStatic|x64
		{CAECECFC-570F-45F0-985B-AFCC26BB9C2A}.ReleaseStatic_|x86.Build.0 = ReleaseStatic|x64
		{CAECECFC-570F-45F0-985B-AFCC26BB9C2A}.ReleaseStatic|Any CPU.ActiveCfg = ReleaseStatic|x64
		{CAECECFC-570F-45F0-985B-AFCC26BB9C2A}.ReleaseStatic|x64.ActiveCfg = ReleaseStatic|x64
		{CAECECFC-570F-45F0-985B-AFCC26BB9C2A}.ReleaseStatic|x64.Build.0 = ReleaseStatic|x64
		{CAECECFC-570F-45F0-985B-AFCC26BB9C2A}.ReleaseStatic|x86.ActiveCfg = ReleaseStatic|x64
		{D2823272-42AD-4C5D-AB98-7D0608B15136}.Debug|Any CPU.ActiveCfg = Debug|x64
		{D2823272-42AD-4C5D-AB98-7D0608B15136}.Debug|x64.ActiveCfg = Debug|x64
		{D2823272-42AD-4C5D-AB98-7D0608B15136}.Debug|x64.Build.0 = Debug|x64
		{D2823272-42AD-4C5D-AB98-7D0608B15136}.Debug|x86.ActiveCfg = Debug|x64
		{D2823272-42AD-4C5D-AB98-7D0608B15136}.DebugDynamic|Any CPU.ActiveCfg = Release|x64
		{D2823272-42AD-4C5D-AB98-7D0608B15136}.DebugDynamic|Any CPU.Build.0 = Release|x64
		{D2823272-42AD-4C5D-AB98-7D0608B15136}.DebugDynamic|x64.ActiveCfg = Debug|x64
		{D2823272-42AD-4C5D-AB98-7D0608B15136}.DebugDynamic|x64.Build.0 = Debug|x64
		{D2823272-42AD-4C5D-AB98-7D0608B15136}.DebugDynamic|x86.ActiveCfg = Release|x64
		{D2823272-42AD-4C5D-AB98-7D0608B15136}.DebugDynamic|x86.Build.0 = Release|x64
		{D2823272-42AD-4C5D-AB98-7D0608B15136}.DebugStatic|Any CPU.ActiveCfg = Release|x64
		{D2823272-42AD-4C5D-AB98-7D0608B15136}.DebugStatic|Any CPU.Build.0 = Release|x64
		{D2823272-42AD-4C5D-AB98-7D0608B15136}.DebugStatic|x64.ActiveCfg = Debug|x64
		{D2823272-42AD-4C5D-AB98-7D0608B15136}.DebugStatic|x64.Build.0 = Debug|x64
		{D2823272-42AD-4C5D-AB98-7D0608B15136}.DebugStatic|x86.ActiveCfg = Release|x64
		{D2823272-42AD-4C5D-AB98-7D0608B15136}.DebugStatic|x86.Build.0 = Release|x64
		{D2823272-42AD-4C5D-AB98-7D0608B15136}.Release|Any CPU.ActiveCfg = Release|x64
		{D2823272-42AD-4C5D-AB98-7D0608B15136}.Release|x64.ActiveCfg = Release|x64
		{D2823272-42AD-4C5D-AB98-7D0608B15136}.Release|x64.Build.0 = Release|x64
		{D2823272-42AD-4C5D-AB98-7D0608B15136}.Release|x86.ActiveCfg = Release|x64
		{D2823272-42AD-4C5D-AB98-7D0608B15136}.ReleaseStatic_|Any CPU.ActiveCfg = Release|x64
		{D2823272-42AD-4C5D-AB98-7D0608B15136}.ReleaseStatic_|Any CPU.Build.0 = Release|x64
		{D2823272-42AD-4C5D-AB98-7D0608B15136}.ReleaseStatic_|x64.ActiveCfg = Release|x64
		{D2823272-42AD-4C5D-AB98-7D0608B15136}.ReleaseStatic_|x64.Build.0 = Release|x64
		{D2823272-42AD-4C5D-AB98-7D0608B15136}.ReleaseStatic_|x86.ActiveCfg = Release|x64
		{D2823272-42AD-4C5D-AB98-7D0608B15136}.ReleaseStatic_|x86.Build.0 = Release|x64
		{D2823272-42AD-4C5D-AB98-7D0608B15136}.ReleaseStatic|Any CPU.ActiveCfg = Release|x64
		{D2823272-42AD-4C5D-AB98-7D0608B15136}.ReleaseStatic|Any CPU.Build.0 = Release|x64
		{D2823272-42AD-4C5D-AB98-7D0608B15136}.ReleaseStatic|x64.ActiveCfg = Release|x64
		{D2823272-42AD-4C5D-AB98-7D0608B15136}.ReleaseStatic|x64.Build.0 = Release|x64
		{D2823272-42AD-4C5D-AB98-7D0608B15136}.ReleaseStatic|x86.ActiveCfg = Release|x64
		{D2823272-42AD-4C5D-AB98-7D0608B15136}.ReleaseStatic|x86.Build.0 = Release|x64
		{6A2D38AC-7F1E-48BD-B519-52E4D5EFB825}.Debug|Any CPU.ActiveCfg = Debug|Win32
		{6A2D38AC-7F1E-48BD-B519-52E4D5EFB825}.Debug|x64.ActiveCfg = Debug|x64
		{6A2D38AC-7F1E-48BD-B519-52E4D5EFB825}.Debug|x64.Build.0 = Debug|x64
		{6A2D38AC-7F1E-48BD-B519-52E4D5EFB825}.Debug|x86.ActiveCfg = Debug|Win32
		{6A2D38AC-7F1E-48BD-B519-52E4D5EFB825}.Debug|x86.Build.0 = Debug|Win32
		{6A2D38AC-7F1E-48BD-B519-52E4D5EFB825}.DebugDynamic|Any CPU.ActiveCfg = Release|x64
		{6A2D38AC-7F1E-48BD-B519-52E4D5EFB825}.DebugDynamic|Any CPU.Build.0 = Release|x64
		{6A2D38AC-7F1E-48BD-B519-52E4D5EFB825}.DebugDynamic|x64.ActiveCfg = Debug|x64
		{6A2D38AC-7F1E-48BD-B519-52E4D5EFB825}.DebugDynamic|x64.Build.0 = Debug|x64
		{6A2D38AC-7F1E-48BD-B519-52E4D5EFB825}.DebugDynamic|x86.ActiveCfg = Debug|Win32
		{6A2D38AC-7F1E-48BD-B519-52E4D5EFB825}.DebugDynamic|x86.Build.0 = Debug|Win32
		{6A2D38AC-7F1E-48BD-B519-52E4D5EFB825}.DebugStatic|Any CPU.ActiveCfg = Release|x64
		{6A2D38AC-7F1E-48BD-B519-52E4D5EFB825}.DebugStatic|Any CPU.Build.0 = Release|x64
		{6A2D38AC-7F1E-48BD-B519-52E4D5EFB825}.DebugStatic|x64.ActiveCfg = Debug|x64
		{6A2D38AC-7F1E-48BD-B519-52E4D5EFB825}.DebugStatic|x64.Build.0 = Debug|x64
		{6A2D38AC-7F1E-48BD-B519-52E4D5EFB825}.DebugStatic|x86.ActiveCfg = Debug|Win32
		{6A2D38AC-7F1E-48BD-B519-52E4D5EFB825}.DebugStatic|x86.Build.0 = Debug|Win32
		{6A2D38AC-7F1E-48BD-B519-52E4D5EFB825}.Release|Any CPU.ActiveCfg = Release|Win32
		{6A2D38AC-7F1E-48BD-B519-52E4D5EFB825}.Release|x64.ActiveCfg = Release|x64
		{6A2D38AC-7F1E-48BD-B519-52E4D5EFB825}.Release|x64.Build.0 = Release|x64
		{6A2D38AC-7F1E-48BD-B519-52E4D5EFB825}.Release|x86.ActiveCfg = Release|Win32
		{6A2D38AC-7F1E-48BD-B519-52E4D5EFB825}.Release|x86.Build.0 = Release|Win32
		{6A2D38AC-7F1E-48BD-B519-52E4D5EFB825}.ReleaseStatic_|Any CPU.ActiveCfg = Release|x64
		{6A2D38AC-7F1E-48BD-B519-52E4D5EFB825}.ReleaseStatic_|Any CPU.Build.0 = Release|x64
		{6A2D38AC-7F1E-48BD-B519-52E4D5EFB825}.ReleaseStatic_|x64.ActiveCfg = Release|x64
		{6A2D38AC-7F1E-48BD-B519-52E4D5EFB825}.ReleaseStatic_|x64.Build.0 = Release|x64
		{6A2D38AC-7F1E-48BD-B519-52E4D5EFB825}.ReleaseStatic_|x86.ActiveCfg = Release|Win32
		{6A2D38AC-7F1E-48BD-B519-52E4D5EFB825}.ReleaseStatic_|x86.Build.0 = Release|Win32
		{6A2D38AC-7F1E-48BD-B519-52E4D5EFB825}.ReleaseStatic|Any CPU.ActiveCfg = Release|x64
		{6A2D38AC-7F1E-48BD-B519-52E4D5EFB825}.ReleaseStatic|Any CPU.Build.0 = Release|x64
		{6A2D38AC-7F1E-48BD-B519-52E4D5EFB825}.ReleaseStatic|x64.ActiveCfg = Release|x64
		{6A2D38AC-7F1E-48BD-B519-52E4D5EFB825}.ReleaseStatic|x64.Build.0 = Release|x64
		{6A2D38AC-7F1E-48BD-B519-52E4D5EFB825}.ReleaseStatic|x86.ActiveCfg = Release|Win32
		{6A2D38AC-7F1E-48BD-B519-52E4D5EFB825}.ReleaseStatic|x86.Build.0 = Release|Win32
		{BF820ACF-12DD-4C75-836C-84551731CAA6}.Debug|Any CPU.ActiveCfg = Debug|x64
		{BF820ACF-12DD-4C75-836C-84551731CAA6}.Debug|x64.ActiveCfg = Debug|x64
		{BF820ACF-12DD-4C75-836C-84551731CAA6}.Debug|x64.Build.0 = Debug|x64
		{BF820ACF-12DD-4C75-836C-84551731CAA6}.Debug|x86.ActiveCfg = Debug|x64
		{BF820ACF-12DD-4C75-836C-84551731CAA6}.DebugDynamic|Any CPU.ActiveCfg = Release|x64
		{BF820ACF-12DD-4C75-836C-84551731CAA6}.DebugDynamic|Any CPU.Build.0 = Release|x64
		{BF820ACF-12DD-4C75-836C-84551731CAA6}.DebugDynamic|x64.ActiveCfg = Debug|x64
		{BF820ACF-12DD-4C75-836C-84551731CAA6}.DebugDynamic|x64.Build.0 = Debug|x64
		{BF820ACF-12DD-4C75-836C-84551731CAA6}.DebugDynamic|x86.ActiveCfg = Release|x64
		{BF820ACF-12DD-4C75-836C-84551731CAA6}.DebugDynamic|x86.Build.0 = Release|x64
		{BF820ACF-12DD-4C75-836C-84551731CAA6}.DebugStatic|Any CPU.ActiveCfg = Release|x64
		{BF820ACF-12DD-4C75-836C-84551731CAA6}.DebugStatic|Any CPU.Build.0 = Release|x64
		{BF820ACF-12DD-4C75-836C-84551731CAA6}.DebugStatic|x64.ActiveCfg = Debug|x64
		{BF820ACF-12DD-4C75-836C-84551731CAA6}.DebugStatic|x64.Build.0 = Debug|x64
		{BF820ACF-12DD-4C75-836C-84551731CAA6}.DebugStatic|x86.ActiveCfg = Release|x64
		{BF820ACF-12DD-4C75-836C-84551731CAA6}.DebugStatic|x86.Build.0 = Release|x64
		{BF820ACF-12DD-4C75-836C-84551731CAA6}.Release|Any CPU.ActiveCfg = Release|x64
		{BF820ACF-12DD-4C75-836C-84551731CAA6}.Release|x64.ActiveCfg = Release|x64
		{BF820ACF-12DD-4C75-836C-84551731CAA6}.Release|x64.Build.0 = Release|x64
		{BF820ACF-12DD-4C75-836C-84551731CAA6}.Release|x86.ActiveCfg = Release|x64
		{BF820ACF-12DD-4C75-836C-84551731CAA6}.ReleaseStatic_|Any CPU.ActiveCfg = Release|x64
		{BF820ACF-12DD-4C75-836C-84551731CAA6}.ReleaseStatic_|Any CPU.Build.0 = Release|x64
		{BF820ACF-12DD-4C75-836C-84551731CAA6}.ReleaseStatic_|x64.ActiveCfg = Release|x64
		{BF820ACF-12DD-4C75-836C-84551731CAA6}.ReleaseStatic_|x64.Build.0 = Release|x64
		{BF820ACF-12DD-4C75-836C-84551731CAA6}.ReleaseStatic_|x86.ActiveCfg = Release|x64
		{BF820ACF-12DD-4C75-836C-84551731CAA6}.ReleaseStatic_|x86.Build.0 = Release|x64
		{BF820ACF-12DD-4C75-836C-84551731CAA6}.ReleaseStatic|Any CPU.ActiveCfg = Release|x64
		{BF820ACF-12DD-4C75-836C-84551731CAA6}.ReleaseStatic|Any CPU.Build.0 = Release|x64
		{BF820ACF-12DD-4C75-836C-84551731CAA6}.ReleaseStatic|x64.ActiveCfg = Release|x64
		{BF820ACF-12DD-4C75-836C-84551731CAA6}.ReleaseStatic|x64.Build.0 = Release|x64
		{BF820ACF-12DD-4C75-836C-84551731CAA6}.ReleaseStatic|x86.ActiveCfg = Release|x64
		{BF820ACF-12DD-4C75-836C-84551731CAA6}.ReleaseStatic|x86.Build.0 = Release|x64
		{52DA07A5-220A-4D77-A4EB-B7A9FF800D9C}.Debug|Any CPU.ActiveCfg = Debug|x64
		{52DA07A5-220A-4D77-A4EB-B7A9FF800D9C}.Debug|x64.ActiveCfg = Debug|x64
		{52DA07A5-220A-4D77-A4EB-B7A9FF800D9C}.Debug|x64.Build.0 = Debug|x64
		{52DA07A5-220A-4D77-A4EB-B7A9FF800D9C}.Debug|x86.ActiveCfg = Debug|x64
		{52DA07A5-220A-4D77-A4EB-B7A9FF800D9C}.DebugDynamic|Any CPU.ActiveCfg = Release|x64
		{52DA07A5-220A-4D77-A4EB-B7A9FF800D9C}.DebugDynamic|Any CPU.Build.0 = Release|x64
		{52DA07A5-220A-4D77-A4EB-B7A9FF800D9C}.DebugDynamic|x64.ActiveCfg = Debug|x64
		{52DA07A5-220A-4D77-A4EB-B7A9FF800D9C}.DebugDynamic|x64.Build.0 = Debug|x64
		{52DA07A5-220A-4D77-A4EB-B7A9FF800D9C}.DebugDynamic|x86.ActiveCfg = Release|x64
		{52DA07A5-220A-4D77-A4EB-B7A9FF800D9C}.DebugDynamic|x86.Build.0 = Release|x64
		{52DA07A5-220A-4D77-A4EB-B7A9FF800D9C}.DebugStatic|Any CPU.ActiveCfg = Release|x64
		{52DA07A5-220A-4D77-A4EB-B7A9FF800D9C}.DebugStatic|Any CPU.Build.0 = Release|x64
		{52DA07A5-220A-4D77-A4EB-B7A9FF800D9C}.DebugStatic|x64.ActiveCfg = Debug|x64
		{52DA07A5-220A-4D77-A4EB-B7A9FF800D9C}.DebugStatic|x64.Build.0 = Debug|x64
		{52DA07A5-220A-4D77-A4EB-B7A9FF800D9C}.DebugStatic|x86.ActiveCfg = Release|x64
		{52DA07A5-220A-4D77-A4EB-B7A9FF800D9C}.DebugStatic|x86.Build.0 = Release|x64
		{52DA07A5-220A-4D77-A4EB-B7A9FF800D9C}.Release|Any CPU.ActiveCfg = Release|x64
		{52DA07A5-220A-4D77-A4EB-B7A9FF800D9C}.Release|x64.ActiveCfg = Release|x64
		{52DA07A5-220A-4D77-A4EB-B7A9FF800D9C}.Release|x64.Build.0 = Release|x64
		{52DA07A5-220A-4D77-A4EB-B7A9FF800D9C}.Release|x86.ActiveCfg = Release|x64
		{52DA07A5-220A-4D77-A4EB-B7A9FF800D9C}.ReleaseStatic_|Any CPU.ActiveCfg = Release|x64
		{52DA07A5-220A-4D77-A4EB-B7A9FF800D9C}.ReleaseStatic_|Any CPU.Build.0 = Release|x64
		{52DA07A5-220A-4D77-A4EB-B7A9FF800D9C}.ReleaseStatic_|x64.ActiveCfg = Release|x64
		{52DA07A5-220A-4D77-A4EB-B7A9FF800D9C}.ReleaseStatic_|x64.Build.0 = Release|x64
		{52DA07A5-220A-4D77-A4EB-B7A9FF800D9C}.ReleaseStatic_|x86.ActiveCfg = Release|x64
		{52DA07A5-220A-4D77-A4EB-B7A9FF800D9C}.ReleaseStatic_|x86.Build.0 = Release|x64
		{52DA07A5-220A-4D77-A4EB-B7A9FF800D9C}.ReleaseStatic|Any CPU.ActiveCfg = Release|x64
		{52DA07A5-220A-4D77-A4EB-B7A9FF800D9C}.ReleaseStatic|Any CPU.Build.0 = Release|x64
		{52DA07A5-220A-4D77-A4EB-B7A9FF800D9C}.ReleaseStatic|x64.ActiveCfg = Release|x64
		{52DA07A5-220A-4D77-A4EB-B7A9FF800D9C}.ReleaseStatic|x64.Build.0 = Release|x64
		{52DA07A5-220A-4D77-A4EB-B7A9FF800D9C}.ReleaseStatic|x86.ActiveCfg = Release|x64
		{52DA07A5-220A-4D77-A4EB-B7A9FF800D9C}.ReleaseStatic|x86.Build.0 = Release|x64
		{003A8E49-79C7-40CA-970A-CABBD502CA90}.Debug|Any CPU.ActiveCfg = Debug|Win32
		{003A8E49-79C7-40CA-970A-CABBD502CA90}.Debug|x64.ActiveCfg = Debug|x64
		{003A8E49-79C7-40CA-970A-CABBD502CA90}.Debug|x64.Build.0 = Debug|x64
		{003A8E49-79C7-40CA-970A-CABBD502CA90}.Debug|x86.ActiveCfg = Debug|Win32
		{003A8E49-79C7-40CA-970A-CABBD502CA90}.Debug|x86.Build.0 = Debug|Win32
		{003A8E49-79C7-40CA-970A-CABBD502CA90}.DebugDynamic|Any CPU.ActiveCfg = Release|x64
		{003A8E49-79C7-40CA-970A-CABBD502CA90}.DebugDynamic|Any CPU.Build.0 = Release|x64
		{003A8E49-79C7-40CA-970A-CABBD502CA90}.DebugDynamic|x64.ActiveCfg = Debug|x64
		{003A8E49-79C7-40CA-970A-CABBD502CA90}.DebugDynamic|x64.Build.0 = Debug|x64
		{003A8E49-79C7-40CA-970A-CABBD502CA90}.DebugDynamic|x86.ActiveCfg = Debug|Win32
		{003A8E49-79C7-40CA-970A-CABBD502CA90}.DebugDynamic|x86.Build.0 = Debug|Win32
		{003A8E49-79C7-40CA-970A-CABBD502CA90}.DebugStatic|Any CPU.ActiveCfg = Release|x64
		{003A8E49-79C7-40CA-970A-CABBD502CA90}.DebugStatic|Any CPU.Build.0 = Release|x64
		{003A8E49-79C7-40CA-970A-CABBD502CA90}.DebugStatic|x64.ActiveCfg = Debug|x64
		{003A8E49-79C7-40CA-970A-CABBD502CA90}.DebugStatic|x64.Build.0 = Debug|x64
		{003A8E49-79C7-40CA-970A-CABBD502CA90}.DebugStatic|x86.ActiveCfg = Debug|Win32
		{003A8E49-79C7-40CA-970A-CABBD502CA90}.DebugStatic|x86.Build.0 = Debug|Win32
		{003A8E49-79C7-40CA-970A-CABBD502CA90}.Release|Any CPU.ActiveCfg = Release|Win32
		{003A8E49-79C7-40CA-970A-CABBD502CA90}.Release|x64.ActiveCfg = Release|x64
		{003A8E49-79C7-40CA-970A-CABBD502CA90}.Release|x64.Build.0 = Release|x64
		{003A8E49-79C7-40CA-970A-CABBD502CA90}.Release|x86.ActiveCfg = Release|Win32
		{003A8E49-79C7-40CA-970A-CABBD502CA90}.Release|x86.Build.0 = Release|Win32
		{003A8E49-79C7-40CA-970A-CABBD502CA90}.ReleaseStatic_|Any CPU.ActiveCfg = Release|x64
		{003A8E49-79C7-40CA-970A-CABBD502CA90}.ReleaseStatic_|Any CPU.Build.0 = Release|x64
		{003A8E49-79C7-40CA-970A-CABBD502CA90}.ReleaseStatic_|x64.ActiveCfg = Release|x64
		{003A8E49-79C7-40CA-970A-CABBD502CA90}.ReleaseStatic_|x64.Build.0 = Release|x64
		{003A8E49-79C7-40CA-970A-CABBD502CA90}.ReleaseStatic_|x86.ActiveCfg = Release|Win32
		{003A8E49-79C7-40CA-970A-CABBD502CA90}.ReleaseStatic_|x86.Build.0 = Release|Win32
		{003A8E49-79C7-40CA-970A-CABBD502CA90}.ReleaseStatic|Any CPU.ActiveCfg = Release|x64
		{003A8E49-79C7-40CA-970A-CABBD502CA90}.ReleaseStatic|Any CPU.Build.0 = Release|x64
		{003A8E49-79C7-40CA-970A-CABBD502CA90}.ReleaseStatic|x64.ActiveCfg = Release|x64
		{003A8E49-79C7-40CA-970A-CABBD502CA90}.ReleaseStatic|x64.Build.0 = Release|x64
		{003A8E49-79C7-40CA-970A-CABBD502CA90}.ReleaseStatic|x86.ActiveCfg = Release|Win32
		{003A8E49-79C7-40CA-970A-CABBD502CA90}.ReleaseStatic|x86.Build.0 = Release|Win32
		{CB0589F8-3D8C-41F5-AE7C-27F7BC688B20}.Debug|Any CPU.ActiveCfg = Debug|x64
		{CB0589F8-3D8C-41F5-AE7C-27F7BC688B20}.Debug|x64.ActiveCfg = Debug|x64
		{CB0589F8-3D8C-41F5-AE7C-27F7BC688B20}.Debug|x64.Build.0 = Debug|x64
		{CB0589F8-3D8C-41F5-AE7C-27F7BC688B20}.Debug|x86.ActiveCfg = Debug|x64
		{CB0589F8-3D8C-41F5-AE7C-27F7BC688B20}.DebugDynamic|Any CPU.ActiveCfg = Release|x64
		{CB0589F8-3D8C-41F5-AE7C-27F7BC688B20}.DebugDynamic|Any CPU.Build.0 = Release|x64
		{CB0589F8-3D8C-41F5-AE7C-27F7BC688B20}.DebugDynamic|x64.ActiveCfg = Debug|x64
		{CB0589F8-3D8C-41F5-AE7C-27F7BC688B20}.DebugDynamic|x64.Build.0 = Debug|x64
		{CB0589F8-3D8C-41F5-AE7C-27F7BC688B20}.DebugDynamic|x86.ActiveCfg = Release|x64
		{CB0589F8-3D8C-41F5-AE7C-27F7BC688B20}.DebugDynamic|x86.Build.0 = Release|x64
		{CB0589F8-3D8C-41F5-AE7C-27F7BC688B20}.DebugStatic|Any CPU.ActiveCfg = Release|x64
		{CB0589F8-3D8C-41F5-AE7C-27F7BC688B20}.DebugStatic|Any CPU.Build.0 = Release|x64
		{CB0589F8-3D8C-41F5-AE7C-27F7BC688B20}.DebugStatic|x64.ActiveCfg = Debug|x64
		{CB0589F8-3D8C-41F5-AE7C-27F7BC688B20}.DebugStatic|x64.Build.0 = Debug|x64
		{CB0589F8-3D8C-41F5-AE7C-27F7BC688B20}.DebugStatic|x86.ActiveCfg = Release|x64
		{CB0589F8-3D8C-41F5-AE7C-27F7BC688B20}.DebugStatic|x86.Build.0 = Release|x64
		{CB0589F8-3D8C-41F5-AE7C-27F7BC688B20}.Release|Any CPU.ActiveCfg = Release|x64
		{CB0589F8-3D8C-41F5-AE7C-27F7BC688B20}.Release|x64.ActiveCfg = Release|x64
		{CB0589F8-3D8C-41F5-AE7C-27F7BC688B20}.Release|x64.Build.0 = Release|x64
		{CB0589F8-3D8C-41F5-AE7C-27F7BC688B20}.Release|x86.ActiveCfg = Release|x64
		{CB0589F8-3D8C-41F5-AE7C-27F7BC688B20}.ReleaseStatic_|Any CPU.ActiveCfg = Release|x64
		{CB0589F8-3D8C-41F5-AE7C-27F7BC688B20}.ReleaseStatic_|Any CPU.Build.0 = Release|x64
		{CB0589F8-3D8C-41F5-AE7C-27F7BC688B20}.ReleaseStatic_|x64.ActiveCfg = Release|x64
		{CB0589F8-3D8C-41F5-AE7C-27F7BC688B20}.ReleaseStatic_|x64.Build.0 = Release|x64
		{CB0589F8-3D8C-41F5-AE7C-27F7BC688B20}.ReleaseStatic_|x86.ActiveCfg = Release|x64
		{CB0589F8-3D8C-41F5-AE7C-27F7BC688B20}.ReleaseStatic_|x86.Build.0 = Release|x64
		{CB0589F8-3D8C-41F5-AE7C-27F7BC688B20}.ReleaseStatic|Any CPU.ActiveCfg = Release|x64
		{CB0589F8-3D8C-41F5-AE7C-27F7BC688B20}.ReleaseStatic|Any CPU.Build.0 = Release|x64
		{CB0589F8-3D8C-41F5-AE7C-27F7BC688B20}.ReleaseStatic|x64.ActiveCfg = Release|x64
		{CB0589F8-3D8C-41F5-AE7C-27F7BC688B20}.ReleaseStatic|x64.Build.0 = Release|x64
		{CB0589F8-3D8C-41F5-AE7C-27F7BC688B20}.ReleaseStatic|x86.ActiveCfg = Release|x64
		{CB0589F8-3D8C-41F5-AE7C-27F7BC688B20}.ReleaseStatic|x86.Build.0 = Release|x64
		{2132B508-F7F2-4CFB-9B81-BBAC679AE5A9}.Debug|Any CPU.ActiveCfg = Debug|x64
		{2132B508-F7F2-4CFB-9B81-BBAC679AE5A9}.Debug|x64.ActiveCfg = Debug|x64
		{2132B508-F7F2-4CFB-9B81-BBAC679AE5A9}.Debug|x64.Build.0 = Debug|x64
		{2132B508-F7F2-4CFB-9B81-BBAC679AE5A9}.Debug|x86.ActiveCfg = Debug|x64
		{2132B508-F7F2-4CFB-9B81-BBAC679AE5A9}.DebugDynamic|Any CPU.ActiveCfg = Release|x64
		{2132B508-F7F2-4CFB-9B81-BBAC679AE5A9}.DebugDynamic|Any CPU.Build.0 = Release|x64
		{2132B508-F7F2-4CFB-9B81-BBAC679AE5A9}.DebugDynamic|x64.ActiveCfg = Debug|x64
		{2132B508-F7F2-4CFB-9B81-BBAC679AE5A9}.DebugDynamic|x64.Build.0 = Debug|x64
		{2132B508-F7F2-4CFB-9B81-BBAC679AE5A9}.DebugDynamic|x86.ActiveCfg = Release|x64
		{2132B508-F7F2-4CFB-9B81-BBAC679AE5A9}.DebugDynamic|x86.Build.0 = Release|x64
		{2132B508-F7F2-4CFB-9B81-BBAC679AE5A9}.DebugStatic|Any CPU.ActiveCfg = Release|x64
		{2132B508-F7F2-4CFB-9B81-BBAC679AE5A9}.DebugStatic|Any CPU.Build.0 = Release|x64
		{2132B508-F7F2-4CFB-9B81-BBAC679AE5A9}.DebugStatic|x64.ActiveCfg = Debug|x64
		{2132B508-F7F2-4CFB-9B81-BBAC679AE5A9}.DebugStatic|x64.Build.0 = Debug|x64
		{2132B508-F7F2-4CFB-9B81-BBAC679AE5A9}.DebugStatic|x86.ActiveCfg = Release|x64
		{2132B508-F7F2-4CFB-9B81-BBAC679AE5A9}.DebugStatic|x86.Build.0 = Release|x64
		{2132B508-F7F2-4CFB-9B81-BBAC679AE5A9}.Release|Any CPU.ActiveCfg = Release|x64
		{2132B508-F7F2-4CFB-9B81-BBAC679AE5A9}.Release|x64.ActiveCfg = Release|x64
		{2132B508-F7F2-4CFB-9B81-BBAC679AE5A9}.Release|x64.Build.0 = Release|x64
		{2132B508-F7F2-4CFB-9B81-BBAC679AE5A9}.Release|x86.ActiveCfg = Release|x64
		{2132B508-F7F2-4CFB-9B81-BBAC679AE5A9}.ReleaseStatic_|Any CPU.ActiveCfg = Release|x64
		{2132B508-F7F2-4CFB-9B81-BBAC679AE5A9}.ReleaseStatic_|Any CPU.Build.0 = Release|x64
		{2132B508-F7F2-4CFB-9B81-BBAC679AE5A9}.ReleaseStatic_|x64.ActiveCfg = Release|x64
		{2132B508-F7F2-4CFB-9B81-BBAC679AE5A9}.ReleaseStatic_|x64.Build.0 = Release|x64
		{2132B508-F7F2-4CFB-9B81-BBAC679AE5A9}.ReleaseStatic_|x86.ActiveCfg = Release|x64
		{2132B508-F7F2-4CFB-9B81-BBAC679AE5A9}.ReleaseStatic_|x86.Build.0 = Release|x64
		{2132B508-F7F2-4CFB-9B81-BBAC679AE5A9}.ReleaseStatic|Any CPU.ActiveCfg = Release|x64
		{2132B508-F7F2-4CFB-9B81-BBAC679AE5A9}.ReleaseStatic|Any CPU.Build.0 = Release|x64
		{2132B508-F7F2-4CFB-9B81-BBAC679AE5A9}.ReleaseStatic|x64.ActiveCfg = Release|x64
		{2132B508-F7F2-4CFB-9B81-BBAC679AE5A9}.ReleaseStatic|x64.Build.0 = Release|x64
		{2132B508-F7F2-4CFB-9B81-BBAC679AE5A9}.ReleaseStatic|x86.ActiveCfg = Release|x64
		{2132B508-F7F2-4CFB-9B81-BBAC679AE5A9}.ReleaseStatic|x86.Build.0 = Release|x64
		{D91CF439-1781-420C-A323-B640E009731C}.Debug|Any CPU.ActiveCfg = Debug|Win32
		{D91CF439-1781-420C-A323-B640E009731C}.Debug|x64.ActiveCfg = Debug|x64
		{D91CF439-1781-420C-A323-B640E009731C}.Debug|x64.Build.0 = Debug|x64
		{D91CF439-1781-420C-A323-B640E009731C}.Debug|x86.ActiveCfg = Debug|Win32
		{D91CF439-1781-420C-A323-B640E009731C}.Debug|x86.Build.0 = Debug|Win32
		{D91CF439-1781-420C-A323-B640E009731C}.DebugDynamic|Any CPU.ActiveCfg = DebugStatic|x64
		{D91CF439-1781-420C-A323-B640E009731C}.DebugDynamic|Any CPU.Build.0 = DebugStatic|x64
		{D91CF439-1781-420C-A323-B640E009731C}.DebugDynamic|x64.ActiveCfg = DebugStatic|x64
		{D91CF439-1781-420C-A323-B640E009731C}.DebugDynamic|x64.Build.0 = DebugStatic|x64
		{D91CF439-1781-420C-A323-B640E009731C}.DebugDynamic|x86.ActiveCfg = DebugStatic|Win32
		{D91CF439-1781-420C-A323-B640E009731C}.DebugDynamic|x86.Build.0 = DebugStatic|Win32
		{D91CF439-1781-420C-A323-B640E009731C}.DebugStatic|Any CPU.ActiveCfg = DebugStatic|Win32
		{D91CF439-1781-420C-A323-B640E009731C}.DebugStatic|x64.ActiveCfg = DebugStatic|x64
		{D91CF439-1781-420C-A323-B640E009731C}.DebugStatic|x64.Build.0 = DebugStatic|x64
		{D91CF439-1781-420C-A323-B640E009731C}.DebugStatic|x86.ActiveCfg = DebugStatic|Win32
		{D91CF439-1781-420C-A323-B640E009731C}.DebugStatic|x86.Build.0 = DebugStatic|Win32
		{D91CF439-1781-420C-A323-B640E009731C}.Release|Any CPU.ActiveCfg = Release|Win32
		{D91CF439-1781-420C-A323-B640E009731C}.Release|x64.ActiveCfg = Release|x64
		{D91CF439-1781-420C-A323-B640E009731C}.Release|x64.Build.0 = Release|x64
		{D91CF439-1781-420C-A323-B640E009731C}.Release|x86.ActiveCfg = Release|Win32
		{D91CF439-1781-420C-A323-B640E009731C}.Release|x86.Build.0 = Release|Win32
		{D91CF439-1781-420C-A323-B640E009731C}.ReleaseStatic_|Any CPU.ActiveCfg = DebugStatic|x64
		{D91CF439-1781-420C-A323-B640E009731C}.ReleaseStatic_|Any CPU.Build.0 = DebugStatic|x64
		{D91CF439-1781-420C-A323-B640E009731C}.ReleaseStatic_|x64.ActiveCfg = Release|x64
		{D91CF439-1781-420C-A323-B640E009731C}.ReleaseStatic_|x64.Build.0 = Release|x64
		{D91CF439-1781-420C-A323-B640E009731C}.ReleaseStatic_|x86.ActiveCfg = Release|Win32
		{D91CF439-1781-420C-A323-B640E009731C}.ReleaseStatic_|x86.Build.0 = Release|Win32
		{D91CF439-1781-420C-A323-B640E009731C}.ReleaseStatic|Any CPU.ActiveCfg = DebugStatic|x64
		{D91CF439-1781-420C-A323-B640E009731C}.ReleaseStatic|Any CPU.Build.0 = DebugStatic|x64
		{D91CF439-1781-420C-A323-B640E009731C}.ReleaseStatic|x64.ActiveCfg = Release|x64
		{D91CF439-1781-420C-A323-B640E009731C}.ReleaseStatic|x64.Build.0 = Release|x64
		{D91CF439-1781-420C-A323-B640E009731C}.ReleaseStatic|x86.ActiveCfg = Release|Win32
		{D91CF439-1781-420C-A323-B640E009731C}.ReleaseStatic|x86.Build.0 = Release|Win32
		{50F55989-DC3D-4134-9782-3174D0644AE9}.Debug|Any CPU.ActiveCfg = Debug|x64
		{50F55989-DC3D-4134-9782-3174D0644AE9}.Debug|x64.ActiveCfg = Debug|x64
		{50F55989-DC3D-4134-9782-3174D0644AE9}.Debug|x64.Build.0 = Debug|x64
		{50F55989-DC3D-4134-9782-3174D0644AE9}.Debug|x86.ActiveCfg = Debug|x64
		{50F55989-DC3D-4134-9782-3174D0644AE9}.DebugDynamic|Any CPU.ActiveCfg = Release|x64
		{50F55989-DC3D-4134-9782-3174D0644AE9}.DebugDynamic|Any CPU.Build.0 = Release|x64
		{50F55989-DC3D-4134-9782-3174D0644AE9}.DebugDynamic|x64.ActiveCfg = Debug|x64
		{50F55989-DC3D-4134-9782-3174D0644AE9}.DebugDynamic|x64.Build.0 = Debug|x64
		{50F55989-DC3D-4134-9782-3174D0644AE9}.DebugDynamic|x86.ActiveCfg = Release|x64
		{50F55989-DC3D-4134-9782-3174D0644AE9}.DebugDynamic|x86.Build.0 = Release|x64
		{50F55989-DC3D-4134-9782-3174D0644AE9}.DebugStatic|Any CPU.ActiveCfg = Release|x64
		{50F55989-DC3D-4134-9782-3174D0644AE9}.DebugStatic|Any CPU.Build.0 = Release|x64
		{50F55989-DC3D-4134-9782-3174D0644AE9}.DebugStatic|x64.ActiveCfg = Debug|x64
		{50F55989-DC3D-4134-9782-3174D0644AE9}.DebugStatic|x64.Build.0 = Debug|x64
		{50F55989-DC3D-4134-9782-3174D0644AE9}.DebugStatic|x86.ActiveCfg = Release|x64
		{50F55989-DC3D-4134-9782-3174D0644AE9}.DebugStatic|x86.Build.0 = Release|x64
		{50F55989-DC3D-4134-9782-3174D0644AE9}.Release|Any CPU.ActiveCfg = Release|x64
		{50F55989-DC3D-4134-9782-3174D0644AE9}.Release|x64.ActiveCfg = Release|x64
		{50F55989-DC3D-4134-9782-3174D0644AE9}.Release|x64.Build.0 = Release|x64
		{50F55989-DC3D-4134-9782-3174D0644AE9}.Release|x86.ActiveCfg = Release|x64
		{50F55989-DC3D-4134-9782-3174D0644AE9}.ReleaseStatic_|Any CPU.ActiveCfg = Release|x64
		{50F55989-DC3D-4134-9782-3174D0644AE9}.ReleaseStatic_|Any CPU.Build.0 = Release|x64
		{50F55989-DC3D-4134-9782-3174D0644AE9}.ReleaseStatic_|x64.ActiveCfg = Release|x64
		{50F55989-DC3D-4134-9782-3174D0644AE9}.ReleaseStatic_|x64.Build.0 = Release|x64
		{50F55989-DC3D-4134-9782-3174D0644AE9}.ReleaseStatic_|x86.ActiveCfg = Release|x64
		{50F55989-DC3D-4134-9782-3174D0644AE9}.ReleaseStatic_|x86.Build.0 = Release|x64
		{50F55989-DC3D-4134-9782-3174D0644AE9}.ReleaseStatic|Any CPU.ActiveCfg = Release|x64
		{50F55989-DC3D-4134-9782-3174D0644AE9}.ReleaseStatic|Any CPU.Build.0 = Release|x64
		{50F55989-DC3D-4134-9782-3174D0644AE9}.ReleaseStatic|x64.ActiveCfg = Release|x64
		{50F55989-DC3D-4134-9782-3174D0644AE9}.ReleaseStatic|x64.Build.0 = Release|x64
		{50F55989-DC3D-4134-9782-3174D0644AE9}.ReleaseStatic|x86.ActiveCfg = Release|x64
		{50F55989-DC3D-4134-9782-3174D0644AE9}.ReleaseStatic|x86.Build.0 = Release|x64
	EndGlobalSection
	GlobalSection(SolutionProperties) = preSolution
		HideSolutionNode = FALSE
	EndGlobalSection
	GlobalSection(ExtensibilityGlobals) = postSolution
		SolutionGuid = {99A289C1-7542-4D71-9DF1-A4BCEF27F935}
	EndGlobalSection
EndGlobal
