<?xml version="1.0" encoding="utf-8"?>
<Project ToolsVersion="4.0" xmlns="http://schemas.microsoft.com/developer/msbuild/2003">
  <ItemGroup>
    <Filter Include="source">
      <UniqueIdentifier>{53a0756b-ffe9-4020-b518-b251ada61448}</UniqueIdentifier>
    </Filter>
  </ItemGroup>
  <ItemGroup>
    <ClCompile Include="Logger.cpp">
      <Filter>source</Filter>
    </ClCompile>
    <ClCompile Include="Output.cpp">
      <Filter>source</Filter>
    </ClCompile>
    <ClCompile Include="Section.cpp">
      <Filter>source</Filter>
    </ClCompile>
    <ClCompile Include="SectionHost.cpp">
      <Filter>source</Filter>
    </ClCompile>
  </ItemGroup>
  <ItemGroup>
    <ClInclude Include="Logger.h">
      <Filter>source</Filter>
    </ClInclude>
    <ClInclude Include="LoggerLevel.h">
      <Filter>source</Filter>
    </ClInclude>
    <ClInclude Include="Names.h">
      <Filter>source</Filter>
    </ClInclude>
    <ClInclude Include="Output.h">
      <Filter>source</Filter>
    </ClInclude>
    <ClInclude Include="Section.h">
      <Filter>source</Filter>
    </ClInclude>
    <ClInclude Include="SectionHost.h">
      <Filter>source</Filter>
    </ClInclude>
  </ItemGroup>
</Project>