<?xml version="1.0" encoding="utf-8"?>
<Project ToolsVersion="4.0" xmlns="http://schemas.microsoft.com/developer/msbuild/2003">
  <ItemGroup>
    <Filter Include="source">
      <UniqueIdentifier>{2e1fbb6f-5e17-4ff0-91c5-1c6c48f7e3f2}</UniqueIdentifier>
    </Filter>
    <Filter Include="source\message">
      <UniqueIdentifier>{bc4cc155-49d2-4300-aa54-fc6f0f85cf0d}</UniqueIdentifier>
    </Filter>
    <Filter Include="source\message\operator">
      <UniqueIdentifier>{616babdd-bd3b-43db-80b5-1820754c0264}</UniqueIdentifier>
    </Filter>
  </ItemGroup>
  <ItemGroup>
    <ClCompile Include="Server.cpp">
      <Filter>source</Filter>
    </ClCompile>
    <ClCompile Include="NetCore.cpp">
      <Filter>source</Filter>
    </ClCompile>
    <ClCompile Include="ClientHandler.cpp">
      <Filter>source</Filter>
    </ClCompile>
    <ClCompile Include="Client.cpp">
      <Filter>source</Filter>
    </ClCompile>
    <ClCompile Include="RequestContainer.cpp">
      <Filter>source</Filter>
    </ClCompile>
  </ItemGroup>
  <ItemGroup>
    <ClInclude Include="Server.h">
      <Filter>source</Filter>
    </ClInclude>
    <ClInclude Include="RequestHandler.h">
      <Filter>source</Filter>
    </ClInclude>
    <ClInclude Include="NetCore.h">
      <Filter>source</Filter>
    </ClInclude>
    <ClInclude Include="ClientHandler.h">
      <Filter>source</Filter>
    </ClInclude>
    <ClInclude Include="Client.h">
      <Filter>source</Filter>
    </ClInclude>
    <ClInclude Include="NetworkMessage.h">
      <Filter>source</Filter>
    </ClInclude>
    <ClInclude Include="RequestContainer.h">
      <Filter>source</Filter>
    </ClInclude>
    <ClInclude Include="message\OperatorRequestMessage.h">
      <Filter>source\message\operator</Filter>
    </ClInclude>
    <ClInclude Include="message\OperatorCommonMessage.h">
      <Filter>source\message\operator</Filter>
    </ClInclude>
    <ClInclude Include="message\OperatorClassicSimulatorMessage.h">
      <Filter>source\message\operator</Filter>
    </ClInclude>
    <ClInclude Include="message\OperatorAuthenticationMessage.h">
      <Filter>source\message\operator</Filter>
    </ClInclude>
  </ItemGroup>
</Project>