<?xml version="1.0" encoding="utf-8"?>
<Project ToolsVersion="4.0" xmlns="http://schemas.microsoft.com/developer/msbuild/2003">
  <ItemGroup>
    <Filter Include="source">
      <UniqueIdentifier>{328456e6-200b-46cb-b9c2-2c19db4ab7eb}</UniqueIdentifier>
    </Filter>
  </ItemGroup>
  <ItemGroup>
    <ClCompile Include="main.cpp">
      <Filter>source</Filter>
    </ClCompile>
    <ClCompile Include="EditorScene.cpp">
      <Filter>source</Filter>
    </ClCompile>
    <ClCompile Include="ClassicContextWindow.cpp">
      <Filter>source</Filter>
    </ClCompile>
  </ItemGroup>
  <ItemGroup>
    <ClInclude Include="EditorScene.h">
      <Filter>source</Filter>
    </ClInclude>
    <ClInclude Include="ClassicContextWindow.h">
      <Filter>source</Filter>
    </ClInclude>
  </ItemGroup>
</Project>