<?xml version="1.0" encoding="utf-8"?>
<Project ToolsVersion="4.0" xmlns="http://schemas.microsoft.com/developer/msbuild/2003">
  <ItemGroup>
    <Filter Include="source">
      <UniqueIdentifier>{328456e6-200b-46cb-b9c2-2c19db4ab7eb}</UniqueIdentifier>
    </Filter>
    <Filter Include="source\classiccontext">
      <UniqueIdentifier>{8753f425-59a7-476b-ab51-d2b74c3da79b}</UniqueIdentifier>
    </Filter>
    <Filter Include="source\dataset">
      <UniqueIdentifier>{1d5e6b5a-cd80-4772-90df-db0370f7d527}</UniqueIdentifier>
    </Filter>
  </ItemGroup>
  <ItemGroup>
    <ClCompile Include="main.cpp">
      <Filter>source</Filter>
    </ClCompile>
    <ClCompile Include="EditorScene.cpp">
      <Filter>source</Filter>
    </ClCompile>
    <ClCompile Include="ClassicWorldWindow.cpp">
      <Filter>source</Filter>
    </ClCompile>
    <ClCompile Include="EditorWindow.cpp">
      <Filter>source</Filter>
    </ClCompile>
    <ClCompile Include="dataset\EditorDataset.cpp">
      <Filter>source\dataset</Filter>
    </ClCompile>
    <ClCompile Include="dataset\ClassicContextDataset.cpp">
      <Filter>source\dataset</Filter>
    </ClCompile>
    <ClCompile Include="dataset\ClassicWorldDataset.cpp">
      <Filter>source\dataset</Filter>
    </ClCompile>
    <ClCompile Include="classiccontext\ClassicContextConnectionNode.cpp">
      <Filter>source\classiccontext</Filter>
    </ClCompile>
    <ClCompile Include="classiccontext\ClassicContextTask.cpp">
      <Filter>source\classiccontext</Filter>
    </ClCompile>
    <ClCompile Include="classiccontext\ClassicContextWindow.cpp">
      <Filter>source\classiccontext</Filter>
    </ClCompile>
    <ClCompile Include="classiccontext\ClassicContextWindowPopup.cpp">
      <Filter>source\classiccontext</Filter>
    </ClCompile>
    <ClCompile Include="classiccontext\ClassicContextWorldNode.cpp">
      <Filter>source\classiccontext</Filter>
    </ClCompile>
    <ClCompile Include="dataset\TransitiveDataset.cpp">
      <Filter>source\dataset</Filter>
    </ClCompile>
    <ClCompile Include="dataset\WorldTileContainerDataset.cpp">
      <Filter>source\dataset</Filter>
    </ClCompile>
    <ClCompile Include="dataset\WorldTileDataset.cpp">
      <Filter>source\dataset</Filter>
    </ClCompile>
    <ClCompile Include="dataset\DatasetManagment.cpp">
      <Filter>source\dataset</Filter>
    </ClCompile>
  </ItemGroup>
  <ItemGroup>
    <ClInclude Include="EditorScene.h">
      <Filter>source</Filter>
    </ClInclude>
    <ClInclude Include="ClassicWorldWindow.h">
      <Filter>source</Filter>
    </ClInclude>
    <ClInclude Include="EditorWindow.h">
      <Filter>source</Filter>
    </ClInclude>
    <ClInclude Include="dataset\EditorDataset.h">
      <Filter>source\dataset</Filter>
    </ClInclude>
    <ClInclude Include="dataset\ClassicContextDataset.h">
      <Filter>source\dataset</Filter>
    </ClInclude>
    <ClInclude Include="dataset\ClassicWorldDataset.h">
      <Filter>source\dataset</Filter>
    </ClInclude>
    <ClInclude Include="classiccontext\ClassicContextConnection.h">
      <Filter>source\classiccontext</Filter>
    </ClInclude>
    <ClInclude Include="classiccontext\ClassicContextConnectionNode.h">
      <Filter>source\classiccontext</Filter>
    </ClInclude>
    <ClInclude Include="classiccontext\ClassicContextNode.h">
      <Filter>source\classiccontext</Filter>
    </ClInclude>
    <ClInclude Include="classiccontext\ClassicContextPopup.h">
      <Filter>source\classiccontext</Filter>
    </ClInclude>
    <ClInclude Include="classiccontext\ClassicContextTask.h">
      <Filter>source\classiccontext</Filter>
    </ClInclude>
    <ClInclude Include="classiccontext\ClassicContextWindow.h">
      <Filter>source\classiccontext</Filter>
    </ClInclude>
    <ClInclude Include="classiccontext\ClassicContextWindowPopup.h">
      <Filter>source\classiccontext</Filter>
    </ClInclude>
    <ClInclude Include="classiccontext\ClassicContextWorldNode.h">
      <Filter>source\classiccontext</Filter>
    </ClInclude>
    <ClInclude Include="dataset\TransitiveDataset.h">
      <Filter>source\dataset</Filter>
    </ClInclude>
    <ClInclude Include="dataset\WorldTileContainerDataset.h">
      <Filter>source\dataset</Filter>
    </ClInclude>
    <ClInclude Include="dataset\WorldTileDataset.h">
      <Filter>source\dataset</Filter>
    </ClInclude>
    <ClInclude Include="dataset\DatasetManagment.h">
      <Filter>source\dataset</Filter>
    </ClInclude>
  </ItemGroup>
</Project>