<?xml version="1.0" encoding="utf-8"?>
<Project ToolsVersion="4.0" xmlns="http://schemas.microsoft.com/developer/msbuild/2003">
  <ItemGroup>
    <Filter Include="source">
      <UniqueIdentifier>{b61517df-bfc3-4114-9118-76aa2453f002}</UniqueIdentifier>
    </Filter>
    <Filter Include="source\device">
      <UniqueIdentifier>{188f1cfc-7e45-484a-9cd0-73623858cf1f}</UniqueIdentifier>
    </Filter>
    <Filter Include="source\simulator">
      <UniqueIdentifier>{284f490d-2651-4b73-8b81-93bfb5200500}</UniqueIdentifier>
    </Filter>
  </ItemGroup>
  <ItemGroup>
    <ClCompile Include="main.cpp">
      <Filter>source</Filter>
    </ClCompile>
    <ClCompile Include="device\CoreDevice.cpp">
      <Filter>source\device</Filter>
    </ClCompile>
    <ClCompile Include="ClassicClientHandler.cpp">
      <Filter>source\simulator</Filter>
    </ClCompile>
    <ClCompile Include="HostClassicSelectionHandler.cpp">
      <Filter>source\simulator</Filter>
    </ClCompile>
    <ClCompile Include="HostClassicSessionHandler.cpp">
      <Filter>source\simulator</Filter>
    </ClCompile>
    <ClCompile Include="HostClassicSimulationHandler.cpp">
      <Filter>source\simulator</Filter>
    </ClCompile>
    <ClCompile Include="HostClassicSimulator.cpp">
      <Filter>source\simulator</Filter>
    </ClCompile>
    <ClCompile Include="HostSimulatorAuthenticationHandler.cpp">
      <Filter>source\simulator</Filter>
    </ClCompile>
    <ClCompile Include="OperatorUnlockBuffer.cpp">
      <Filter>source\simulator</Filter>
    </ClCompile>
    <ClCompile Include="device\AuthenticationDevice.cpp">
      <Filter>source\device</Filter>
    </ClCompile>
  </ItemGroup>
  <ItemGroup>
    <ClInclude Include="device\CoreDevice.h">
      <Filter>source\device</Filter>
    </ClInclude>
    <ClInclude Include="ClassicClientHandler.h">
      <Filter>source\simulator</Filter>
    </ClInclude>
    <ClInclude Include="HostClassicSelectionHandler.h">
      <Filter>source\simulator</Filter>
    </ClInclude>
    <ClInclude Include="HostClassicSessionHandler.h">
      <Filter>source\simulator</Filter>
    </ClInclude>
    <ClInclude Include="HostClassicSimulationHandler.h">
      <Filter>source\simulator</Filter>
    </ClInclude>
    <ClInclude Include="HostClassicSimulator.h">
      <Filter>source\simulator</Filter>
    </ClInclude>
    <ClInclude Include="HostSimulatorAuthenticationHandler.h">
      <Filter>source\simulator</Filter>
    </ClInclude>
    <ClInclude Include="ManagedUnregisterClientRequest.h">
      <Filter>source\simulator</Filter>
    </ClInclude>
    <ClInclude Include="OperatorUnlockBuffer.h">
      <Filter>source\simulator</Filter>
    </ClInclude>
    <ClInclude Include="ManagedUnlockRequest.h">
      <Filter>source\simulator</Filter>
    </ClInclude>
    <ClInclude Include="device\AuthenticationDevice.h">
      <Filter>source\device</Filter>
    </ClInclude>
  </ItemGroup>
</Project>