<?xml version="1.0" encoding="utf-8"?>
<Project ToolsVersion="4.0" xmlns="http://schemas.microsoft.com/developer/msbuild/2003">
  <ItemGroup>
    <Filter Include="source">
      <UniqueIdentifier>{18f47171-4607-4254-8da6-902cfac24e4c}</UniqueIdentifier>
    </Filter>
    <Filter Include="external">
      <UniqueIdentifier>{da791a14-b007-4959-8e8c-d62296e83dbd}</UniqueIdentifier>
    </Filter>
    <Filter Include="external\logger">
      <UniqueIdentifier>{426af3ff-884d-4f9a-9967-fdb11173c045}</UniqueIdentifier>
    </Filter>
    <Filter Include="external\device">
      <UniqueIdentifier>{17e32e12-04c0-43e6-8f96-28182f8fa17e}</UniqueIdentifier>
    </Filter>
    <Filter Include="source\operator">
      <UniqueIdentifier>{2338d29a-5259-48cb-b79a-3e283267dda3}</UniqueIdentifier>
    </Filter>
    <Filter Include="source\device">
      <UniqueIdentifier>{ecb9547d-4c31-4623-80f7-fe0d7eaef31a}</UniqueIdentifier>
    </Filter>
    <Filter Include="source\database">
      <UniqueIdentifier>{0311cd34-2488-4b67-a69d-18cfc721b6a9}</UniqueIdentifier>
    </Filter>
    <Filter Include="source\net">
      <UniqueIdentifier>{70ea3823-6eaa-4281-bdaa-7300fb70ed02}</UniqueIdentifier>
    </Filter>
  </ItemGroup>
  <ItemGroup>
    <ClCompile Include="..\Client\source\logger\Logger.cpp">
      <Filter>external\logger</Filter>
    </ClCompile>
    <ClCompile Include="..\Client\source\logger\Output.cpp">
      <Filter>external\logger</Filter>
    </ClCompile>
    <ClCompile Include="..\Client\source\logger\Section.cpp">
      <Filter>external\logger</Filter>
    </ClCompile>
    <ClCompile Include="..\Client\source\logger\SectionHost.cpp">
      <Filter>external\logger</Filter>
    </ClCompile>
    <ClCompile Include="source\main.cpp">
      <Filter>source</Filter>
    </ClCompile>
    <ClCompile Include="..\Client\source\device\NetDevice.cpp">
      <Filter>external\device</Filter>
    </ClCompile>
    <ClCompile Include="source\operator\Operator.cpp">
      <Filter>source\operator</Filter>
    </ClCompile>
    <ClCompile Include="source\device\CoreDevice.cpp">
      <Filter>source\device</Filter>
    </ClCompile>
    <ClCompile Include="source\device\DatabaseDevice.cpp">
      <Filter>source\device</Filter>
    </ClCompile>
    <ClCompile Include="source\database\KeyTable.cpp">
      <Filter>source\database</Filter>
    </ClCompile>
    <ClCompile Include="source\database\TableBase.cpp">
      <Filter>source\database</Filter>
    </ClCompile>
    <ClCompile Include="..\Client\source\device\RandomDevice.cpp">
      <Filter>external\device</Filter>
    </ClCompile>
    <ClCompile Include="source\database\StatementBase.cpp">
      <Filter>source\database</Filter>
    </ClCompile>
    <ClCompile Include="source\database\EmptyKeyStatement.cpp">
      <Filter>source\database</Filter>
    </ClCompile>
    <ClCompile Include="source\database\DatabaseInterface.cpp">
      <Filter>source\database</Filter>
    </ClCompile>
    <ClCompile Include="source\operator\AuthenticationHandler.cpp">
      <Filter>source\operator</Filter>
    </ClCompile>
    <ClCompile Include="..\Client\source\device\EncryptionDevice.cpp">
      <Filter>external\device</Filter>
    </ClCompile>
    <ClCompile Include="source\database\UserTable.cpp">
      <Filter>source\database</Filter>
    </ClCompile>
    <ClCompile Include="source\operator\RequestHandler.cpp">
      <Filter>source\operator</Filter>
    </ClCompile>
  </ItemGroup>
  <ItemGroup>
    <ClInclude Include="..\Client\source\logger\Logger.h">
      <Filter>external\logger</Filter>
    </ClInclude>
    <ClInclude Include="..\Client\source\logger\LoggerLevel.h">
      <Filter>external\logger</Filter>
    </ClInclude>
    <ClInclude Include="..\Client\source\logger\Names.h">
      <Filter>external\logger</Filter>
    </ClInclude>
    <ClInclude Include="..\Client\source\logger\Output.h">
      <Filter>external\logger</Filter>
    </ClInclude>
    <ClInclude Include="..\Client\source\logger\Section.h">
      <Filter>external\logger</Filter>
    </ClInclude>
    <ClInclude Include="..\Client\source\logger\SectionHost.h">
      <Filter>external\logger</Filter>
    </ClInclude>
    <ClInclude Include="..\Client\source\device\NetDevice.h">
      <Filter>external\device</Filter>
    </ClInclude>
    <ClInclude Include="source\operator\Operator.h">
      <Filter>source\operator</Filter>
    </ClInclude>
    <ClInclude Include="source\device\CoreDevice.h">
      <Filter>source\device</Filter>
    </ClInclude>
    <ClInclude Include="source\device\DatabaseDevice.h">
      <Filter>source\device</Filter>
    </ClInclude>
    <ClInclude Include="source\database\TableBase.h">
      <Filter>source\database</Filter>
    </ClInclude>
    <ClInclude Include="source\database\KeyTable.h">
      <Filter>source\database</Filter>
    </ClInclude>
    <ClInclude Include="..\Client\source\device\RandomDevice.h">
      <Filter>external\device</Filter>
    </ClInclude>
    <ClInclude Include="source\database\StatementBase.h">
      <Filter>source\database</Filter>
    </ClInclude>
    <ClInclude Include="source\database\EmptyKeyStatement.h">
      <Filter>source\database</Filter>
    </ClInclude>
    <ClInclude Include="source\database\DatabaseInterface.h">
      <Filter>source\database</Filter>
    </ClInclude>
    <ClInclude Include="source\Common.h">
      <Filter>source</Filter>
    </ClInclude>
    <ClInclude Include="source\net\AuthClientMessage.h">
      <Filter>source\net</Filter>
    </ClInclude>
    <ClInclude Include="source\net\AuthOperatorMessage.h">
      <Filter>source\net</Filter>
    </ClInclude>
    <ClInclude Include="source\operator\AuthenticationHandler.h">
      <Filter>source\operator</Filter>
    </ClInclude>
    <ClInclude Include="..\Client\source\device\EncryptionDevice.h">
      <Filter>external\device</Filter>
    </ClInclude>
    <ClInclude Include="source\database\UserTable.h">
      <Filter>source\database</Filter>
    </ClInclude>
    <ClInclude Include="source\operator\RequestHandler.h">
      <Filter>source\operator</Filter>
    </ClInclude>
    <ClInclude Include="source\net\RequestClientMessage.h">
      <Filter>source\net</Filter>
    </ClInclude>
    <ClInclude Include="source\net\RequestOperatorMessage.h">
      <Filter>source\net</Filter>
    </ClInclude>
  </ItemGroup>
</Project>